
Microsoft Visual Studio Solution File, Format Version 12.00
# Visual Studio Version 18
VisualStudioVersion = 18.2.11415.280
MinimumVisualStudioVersion = 10.0.40219.1
Project("{2150E333-8FDC-42A3-9474-1A3956D46DE8}") = "Core", "Core", "{F320CBBA-6ECE-424C-B34D-7E994E3389D1}"
EndProject
Project("{2150E333-8FDC-42A3-9474-1A3956D46DE8}") = "Presentation", "Presentation", "{E960B17B-F432-4ED8-80BE-0911D6F21109}"
EndProject
Project("{2150E333-8FDC-42A3-9474-1A3956D46DE8}") = "Infrastructure", "Infrastructure", "{D3FEACDA-081A-4CEC-92D0-97E7CF999800}"
EndProject
Project("{2150E333-8FDC-42A3-9474-1A3956D46DE8}") = "Tests", "Tests", "{B1C4C3B1-ACD0-49E3-88C7-2FB499255F50}"
EndProject
Project("{9A19103F-16F7-4668-BE54-9A1E7A4F7556}") = "Products.API", "Products\Presentation\Products.API\Products.API.csproj", "{1243246C-5B36-4A2E-ACED-10AF81585105}"
EndProject
Project("{2150E333-8FDC-42A3-9474-1A3956D46DE8}") = "Products", "Products", "{26FBDB24-B9A8-407A-B434-24C6A434D117}"
EndProject
Project("{9A19103F-16F7-4668-BE54-9A1E7A4F7556}") = "Products.gRPC", "Products\Presentation\Products.gRPC\Products.gRPC.csproj", "{100974FE-3453-4761-B641-E2CD659DED60}"
EndProject
Project("{9A19103F-16F7-4668-BE54-9A1E7A4F7556}") = "Products.Application", "Products\Core\Application\Products.Application.csproj", "{E001A8E7-1280-42C6-9C2F-94B834B4CFC1}"
EndProject
Project("{9A19103F-16F7-4668-BE54-9A1E7A4F7556}") = "Products.Data", "Products\Infrastructure\Data\Products.Data.csproj", "{8FD36207-38AC-4D3E-B715-0A8DD410C88E}"
EndProject
Project("{9A19103F-16F7-4668-BE54-9A1E7A4F7556}") = "Products.Services", "Products\Infrastructure\Services\Products.Services.csproj", "{BAB0A0FB-DD8D-4A9A-9F01-BA89845B30BD}"
EndProject
Project("{9A19103F-16F7-4668-BE54-9A1E7A4F7556}") = "Products.Tests", "Products\Tests\Tests\Products.Tests.csproj", "{68F29828-56D7-4470-901F-832633ADF39D}"
EndProject
Project("{2150E333-8FDC-42A3-9474-1A3956D46DE8}") = "Presentation", "Presentation", "{D7A14AA0-741E-459A-91D7-10146A078AA7}"
EndProject
Project("{2150E333-8FDC-42A3-9474-1A3956D46DE8}") = "Infrastructure", "Infrastructure", "{4F92FC2E-E5EF-4BBC-A3E9-8B4A707928DC}"
EndProject
Project("{2150E333-8FDC-42A3-9474-1A3956D46DE8}") = "Tests", "Tests", "{20F0199D-3BA3-4584-B3A0-B25335C8F6A0}"
EndProject
Project("{2150E333-8FDC-42A3-9474-1A3956D46DE8}") = "Stock", "Stock", "{FD349D6A-6499-42C5-B12D-3AC78E2EF134}"
EndProject
Project("{9A19103F-16F7-4668-BE54-9A1E7A4F7556}") = "Stock.API", "Stock\Stock.API\Stock.API.csproj", "{54C8C7F8-DC08-4F13-BD13-986BE97CDDCE}"
EndProject
Project("{9A19103F-16F7-4668-BE54-9A1E7A4F7556}") = "Stock.Data", "Stock\Data\Stock.Data.csproj", "{A165B42E-71B2-4A3A-8590-8706E36331A5}"
EndProject
Project("{9A19103F-16F7-4668-BE54-9A1E7A4F7556}") = "Stock.gRPC", "Stock\Stock.gRPC\Stock.gRPC.csproj", "{F9F99571-765D-4FA8-B243-2CF6AB81F2B9}"
EndProject
Project("{9A19103F-16F7-4668-BE54-9A1E7A4F7556}") = "Stock.Services", "Stock\Infrastructure\Services\Stock.Services.csproj", "{0C204D90-50B5-4CD4-AD47-878C3AE9DB93}"
EndProject
Project("{2150E333-8FDC-42A3-9474-1A3956D46DE8}") = "Basket", "Basket", "{A05E2327-1315-4FD3-8229-E0E90693DC73}"
EndProject
Project("{9A19103F-16F7-4668-BE54-9A1E7A4F7556}") = "Basket.API", "Basket\API\Basket.API.csproj", "{81D48550-7824-454F-A57B-D2047129E77F}"
EndProject
Project("{9A19103F-16F7-4668-BE54-9A1E7A4F7556}") = "Basket.Data", "Basket\Data\Basket.Data.csproj", "{CCFB1EAF-BB10-4F67-BC6B-A4B4EDE50749}"
EndProject
Project("{9A19103F-16F7-4668-BE54-9A1E7A4F7556}") = "Basket.Tests", "Basket\Tests\Basket.Tests.csproj", "{2D9EE00D-9654-404C-BB59-1330537EC710}"
EndProject
Project("{9A19103F-16F7-4668-BE54-9A1E7A4F7556}") = "Basket.EventsProcessor", "Basket\EventsProcessor\EventsProcessor\Basket.EventsProcessor.csproj", "{C791FFA9-FFBF-49CA-B8A9-BD7DE65D094D}"
EndProject
Project("{2150E333-8FDC-42A3-9474-1A3956D46DE8}") = "Core", "Core", "{33677080-5BF6-4B25-A932-B828164C4E5E}"
EndProject
Project("{2150E333-8FDC-42A3-9474-1A3956D46DE8}") = "Infrastructure", "Infrastructure", "{5CB64FC4-4D87-4DC3-B551-1B2B8000F63F}"
EndProject
Project("{2150E333-8FDC-42A3-9474-1A3956D46DE8}") = "Presentation", "Presentation", "{866B0883-81A6-4A2F-AC34-F1DD3DB75595}"
EndProject
Project("{2150E333-8FDC-42A3-9474-1A3956D46DE8}") = "Orders", "Orders", "{163951A8-3FC0-4739-BF0B-75F83A96B9E2}"
EndProject
Project("{2150E333-8FDC-42A3-9474-1A3956D46DE8}") = "Tests", "Tests", "{DD70DE5C-9A88-4EAE-AE6F-0CD629177850}"
EndProject
Project("{9A19103F-16F7-4668-BE54-9A1E7A4F7556}") = "Orders.API", "Orders\Presentation\API\Orders.API.csproj", "{0A69EB77-A7BB-458F-8817-AD0BF3747729}"
EndProject
Project("{9A19103F-16F7-4668-BE54-9A1E7A4F7556}") = "Orders.Data", "Orders\Infrastructure\Data\Orders.Data.csproj", "{50B46B4E-1D89-4400-BE6A-E6A8C8FE685B}"
EndProject
Project("{9A19103F-16F7-4668-BE54-9A1E7A4F7556}") = "Orders.Clients", "Orders\Infrastructure\Clients\Orders.Clients.csproj", "{641C835F-AF8E-4C20-9B30-4923593E6281}"
EndProject
Project("{FAE04EC0-301F-11D3-BF4B-00C04F79EFBC}") = "Orders.Tests", "Orders\Tests\Orders.Tests.csproj", "{C773CC8C-FE4D-B375-6ECD-10EDDCC4684D}"
EndProject
Project("{FAE04EC0-301F-11D3-BF4B-00C04F79EFBC}") = "Orders.Application", "Orders\Core\Application\Orders.Application.csproj", "{CFEAD33B-33E4-4CCD-AB98-808DC4D19EA6}"
EndProject
Project("{2150E333-8FDC-42A3-9474-1A3956D46DE8}") = "Orchestration", "Orchestration", "{96628C45-6E8F-4D40-B0E6-DE5150BB31E5}"
EndProject
Project("{FAE04EC0-301F-11D3-BF4B-00C04F79EFBC}") = "Orchestration", "Orchestration\Orchestration\Orchestration.csproj", "{B3870917-B6A3-8CF7-5B65-32D0CF16F923}"
EndProject
Project("{2150E333-8FDC-42A3-9474-1A3956D46DE8}") = "Payments", "Payments", "{5945F260-91FE-418C-B68F-314012C8F51F}"
EndProject
Project("{FAE04EC0-301F-11D3-BF4B-00C04F79EFBC}") = "Payments.API", "Payments\Payments.API\Payments.API.csproj", "{C6BA8656-B17F-1DC4-91D7-B772DE642F0E}"
EndProject
Project("{FAE04EC0-301F-11D3-BF4B-00C04F79EFBC}") = "Payments.gRPC", "Payments\Payments.gRPC\Payments.gRPC.csproj", "{D7489B30-E97B-02B5-749D-22817431107D}"
EndProject
Project("{FAE04EC0-301F-11D3-BF4B-00C04F79EFBC}") = "Payments.Infrastructure", "Payments\Payments.Infrastructure\Payments.Infrastructure.csproj", "{49ADEE94-C98B-4656-81FA-C36FAEC10B13}"
EndProject
Project("{2150E333-8FDC-42A3-9474-1A3956D46DE8}") = "Shipping", "Shipping", "{2441025A-2C54-446A-AFC1-F27437060FEF}"
EndProject
Project("{FAE04EC0-301F-11D3-BF4B-00C04F79EFBC}") = "Shipping.Api", "Shipping\Shipping.Api\Shipping.Api.csproj", "{FC571577-F7BF-2673-3126-12356A8210B6}"
EndProject
Project("{FAE04EC0-301F-11D3-BF4B-00C04F79EFBC}") = "AppHost", "AppHost\AppHost.csproj", "{703AF8D2-3EA8-4C98-9A1F-AC1856A74EC3}"
EndProject
Project("{FAE04EC0-301F-11D3-BF4B-00C04F79EFBC}") = "ServiceDefaults", "ServiceDefaults\ServiceDefaults.csproj", "{9E761A76-169C-4615-873D-D5088079E291}"
EndProject
Project("{2150E333-8FDC-42A3-9474-1A3956D46DE8}") = "Notification", "Notification", "{02EA681E-C7D8-13C7-8484-4AC65E1B71E8}"
EndProject
Project("{FAE04EC0-301F-11D3-BF4B-00C04F79EFBC}") = "Notification.Service", "Notification\Notification.Service\Notification.Service.csproj", "{9770C129-7709-CBD2-3487-273D2B44CFB2}"
EndProject
Project("{2150E333-8FDC-42A3-9474-1A3956D46DE8}") = "Operations", "Operations", "{9811E37C-8AF3-4AF8-ACE3-CD971B6209F1}"
EndProject
Project("{FAE04EC0-301F-11D3-BF4B-00C04F79EFBC}") = "Operations.Service", "Operations\Operations.Service\Operations.Service.csproj", "{006AF1B5-ACEA-77ED-9A03-A24E81C60C67}"
EndProject
Project("{FAE04EC0-301F-11D3-BF4B-00C04F79EFBC}") = "Operations.Api", "Operations\Operations.Api\Operations.Api.csproj", "{A942BE63-FDD3-227E-4115-ED86B256A887}"
EndProject
Project("{2150E333-8FDC-42A3-9474-1A3956D46DE8}") = "Domain", "Domain", "{7540C554-6AA6-4022-A641-6F000E5A94C5}"
EndProject
Project("{FAE04EC0-301F-11D3-BF4B-00C04F79EFBC}") = "Common.Domain", "Domain\Common.Domain\Common.Domain.csproj", "{2CA98054-2543-4E92-8FF4-2E42D68C7153}"
EndProject
Project("{9A19103F-16F7-4668-BE54-9A1E7A4F7556}") = "Products.Domain", "Domain\Products.Domain\Products.Domain.csproj", "{65D72795-AF8B-41E9-ADB1-8361C06ABF52}"
EndProject
Project("{9A19103F-16F7-4668-BE54-9A1E7A4F7556}") = "Stock.Domain", "Domain\Stock.Domain\Stock.Domain.csproj", "{10E907A6-7473-4211-BA6E-665AC66606EF}"
EndProject
Project("{9A19103F-16F7-4668-BE54-9A1E7A4F7556}") = "Basket.Domain", "Domain\Basket.Domain\Basket.Domain.csproj", "{44FEB554-DF16-4475-A04E-E0B201D88B29}"
EndProject
Project("{9A19103F-16F7-4668-BE54-9A1E7A4F7556}") = "Orders.Domain", "Domain\Orders.Domain\Orders.Domain.csproj", "{23EA48D6-D034-46AE-A04D-22203A6DE92A}"
EndProject
Project("{FAE04EC0-301F-11D3-BF4B-00C04F79EFBC}") = "Payments.Domain", "Domain\Payments.Domain\Payments.Domain.csproj", "{A2FFFA0E-7CEA-4A64-B7CF-D5723596430C}"
EndProject
Project("{FAE04EC0-301F-11D3-BF4B-00C04F79EFBC}") = "Shipping.Domain", "Domain\Shipping.Domain\Shipping.Domain.csproj", "{F9F60B1D-DFBB-47A6-8E03-BA37D10BC041}"
EndProject
Project("{2150E333-8FDC-42A3-9474-1A3956D46DE8}") = "Customers", "Customers", "{29B74B18-ED7A-4DA7-92D0-1DFED43959E1}"
EndProject
Project("{FAE04EC0-301F-11D3-BF4B-00C04F79EFBC}") = "Customers.Api", "Customers\Customers.Api\Customers.Api.csproj", "{228628B3-7379-E2CD-6CDD-3B9B3DA68928}"
EndProject
Project("{FAE04EC0-301F-11D3-BF4B-00C04F79EFBC}") = "Shipping.Service", "Shipping\Shipping.Service\Shipping.Service.csproj", "{C0499155-6B16-2D43-B9A5-91C9EFDDFBB8}"
EndProject
Project("{FAE04EC0-301F-11D3-BF4B-00C04F79EFBC}") = "Operations.Domain", "Domain\Operations.Domain\Operations.Domain.csproj", "{BF408660-F100-486B-BDC6-8D0BBD2FC098}"
EndProject
Project("{FAE04EC0-301F-11D3-BF4B-00C04F79EFBC}") = "Customers.Domain", "Domain\Customers.Domain\Customers.Domain.csproj", "{6BFC2FE0-6509-44E3-977D-B1F840C30535}"
EndProject
Project("{2150E333-8FDC-42A3-9474-1A3956D46DE8}") = "Messaging", "Messaging", "{FC5BDFAC-E022-4D3B-A986-9D335414E6BD}"
EndProject
Project("{FAE04EC0-301F-11D3-BF4B-00C04F79EFBC}") = "Stock.Messaging.Processor", "Stock\Stock.Messaging.Processor\Stock.Messaging.Processor.csproj", "{0D585E4F-FE46-2C69-CE3F-3D0078F5DEF0}"
EndProject
Project("{FAE04EC0-301F-11D3-BF4B-00C04F79EFBC}") = "Stock.UnitTests", "Stock\Tests\Stock.UnitTests\Stock.UnitTests.csproj", "{950A8E30-4B89-4D1F-A67F-DAF9DC492799}"
EndProject
Project("{FAE04EC0-301F-11D3-BF4B-00C04F79EFBC}") = "Payments.Messaging", "Payments\Payments.Messaging\Payments.Messaging.csproj", "{F536DFA7-F1C8-3869-8CE2-00B45DDBE4F4}"
EndProject
Project("{2150E333-8FDC-42A3-9474-1A3956D46DE8}") = "Presentation", "Presentation", "{441A90AA-87CE-43E4-B071-5F946004F6B8}"
EndProject
Project("{2150E333-8FDC-42A3-9474-1A3956D46DE8}") = "Infrastructure", "Infrastructure", "{15C53A1B-6AAE-4DC7-A91D-BBE7287BA95F}"
EndProject
Project("{FAE04EC0-301F-11D3-BF4B-00C04F79EFBC}") = "Customers.Data", "Customers\Customers.Infrastructure\Customers.Data.csproj", "{9994F47B-4C95-47C5-BA38-F1F4F78D0F47}"
EndProject
Project("{FAE04EC0-301F-11D3-BF4B-00C04F79EFBC}") = "Notification.Domain", "Notification\Notification.Domain\Notification.Domain.csproj", "{3C43619D-62AA-4DFB-873A-8715C15A22B9}"
EndProject
Project("{FAE04EC0-301F-11D3-BF4B-00C04F79EFBC}") = "Shipping.Application", "Shipping\Shipping.Application\Shipping.Application.csproj", "{4BB2AC90-C703-4588-9E4D-A6AC304C7378}"
EndProject
Project("{FAE04EC0-301F-11D3-BF4B-00C04F79EFBC}") = "Operations.Application", "Operations\Operations.Application\Operations.Application.csproj", "{D1AA9993-0205-4AEE-A55C-C5E4204F6EBE}"
EndProject
Project("{2150E333-8FDC-42A3-9474-1A3956D46DE8}") = "Messaging", "Messaging", "{EBD258EC-FB32-4F68-8B68-F540B3FAFBE9}"
EndProject
Project("{FAE04EC0-301F-11D3-BF4B-00C04F79EFBC}") = "Orders.Messaging", "Orders\Orders.Messaging\Orders.Messaging.csproj", "{0804808C-B5D8-2502-4487-338DFF26D00B}"
EndProject
Project("{2150E333-8FDC-42A3-9474-1A3956D46DE8}") = "Tests", "Tests", "{0AEAE36F-7D63-48D3-9BB5-C45720F8A2FA}"
EndProject
Project("{FAE04EC0-301F-11D3-BF4B-00C04F79EFBC}") = "Orchestration.Tests", "Orchestration\Orchestration.Tests\Orchestration.Tests.csproj", "{3EA9F4AC-A7CB-4AF8-A609-2B6FE3D768A1}"
EndProject
Project("{FAE04EC0-301F-11D3-BF4B-00C04F79EFBC}") = "Gateway", "Gateway\Gateway.csproj", "{E2921A46-A370-4E52-86C8-EE79E7C090BD}"
EndProject
Project("{2150E333-8FDC-42A3-9474-1A3956D46DE8}") = "Messaging", "Messaging", "{9D922AAB-F1B0-4981-80E6-F9C6CA489B01}"
EndProject
Project("{FAE04EC0-301F-11D3-BF4B-00C04F79EFBC}") = "Customers.Messaging", "Customers\Customers.Messaging\Customers.Messaging.csproj", "{292453CA-424F-22B8-DEE6-EFB2B404FF3C}"
EndProject
Project("{2150E333-8FDC-42A3-9474-1A3956D46DE8}") = "Tests", "Tests", "{CD701E5A-2C45-FCBF-FCDB-454BAAD88161}"
EndProject
Project("{FAE04EC0-301F-11D3-BF4B-00C04F79EFBC}") = "Payments.Tests", "Payments\Tests\Payments.Tests.csproj", "{0ADE1275-E828-4C6F-BAE7-0D8F357977D8}"
EndProject
Project("{2150E333-8FDC-42A3-9474-1A3956D46DE8}") = "Tests", "Tests", "{B6B9F3B1-9C07-3026-1DAD-765A94A1BBF1}"
EndProject
Project("{FAE04EC0-301F-11D3-BF4B-00C04F79EFBC}") = "Shipping.Tests", "Shipping\Tests\Shipping.Tests.csproj", "{873F3E4D-23D4-4399-8D92-189502EB6789}"
EndProject
Project("{2150E333-8FDC-42A3-9474-1A3956D46DE8}") = "Tests", "Tests", "{A64FD450-6296-6345-A093-FF06FC32570F}"
EndProject
Project("{FAE04EC0-301F-11D3-BF4B-00C04F79EFBC}") = "Operations.Tests", "Operations\Tests\Operations.Tests.csproj", "{F9F25357-80DA-47F7-A676-DDA4114C959E}"
EndProject
Project("{2150E333-8FDC-42A3-9474-1A3956D46DE8}") = "Tests", "Tests", "{A60ECF3A-D73A-E315-1127-27E64F6DA120}"
EndProject
Project("{FAE04EC0-301F-11D3-BF4B-00C04F79EFBC}") = "Notification.Tests", "Notification\Tests\Notification.Tests.csproj", "{A15143BE-149A-4545-B29E-DCCC9CB80B31}"
EndProject
Project("{2150E333-8FDC-42A3-9474-1A3956D46DE8}") = "Tests", "Tests", "{B140D5FC-2A53-044A-97BA-15C3D704E7A7}"
EndProject
Project("{FAE04EC0-301F-11D3-BF4B-00C04F79EFBC}") = "Customers.Tests", "Customers\Tests\Customers.Tests.csproj", "{38191DD5-B893-41FF-9717-35F97C988252}"
EndProject
Project("{2150E333-8FDC-42A3-9474-1A3956D46DE8}") = "Frontend", "Frontend", "{C875804F-784F-4AB6-8AC9-BB26B2D83992}"
	ProjectSection(SolutionItems) = preProject
		Frontend\eshop-web\.env = Frontend\eshop-web\.env
		Frontend\eshop-web\.gitignore = Frontend\eshop-web\.gitignore
		Frontend\eshop-web\CHECKOUT_FLOW.md = Frontend\eshop-web\CHECKOUT_FLOW.md
		Frontend\eshop-web\eshop-web.esproj = Frontend\eshop-web\eshop-web.esproj
		Frontend\eshop-web\eslint.config.js = Frontend\eshop-web\eslint.config.js
		Frontend\eshop-web\index.html = Frontend\eshop-web\index.html
		Frontend\eshop-web\package-lock.json = Frontend\eshop-web\package-lock.json
		Frontend\eshop-web\package.json = Frontend\eshop-web\package.json
		Frontend\eshop-web\README.md = Frontend\eshop-web\README.md
		Frontend\eshop-web\tsconfig.app.json = Frontend\eshop-web\tsconfig.app.json
		Frontend\eshop-web\tsconfig.json = Frontend\eshop-web\tsconfig.json
		Frontend\eshop-web\tsconfig.node.json = Frontend\eshop-web\tsconfig.node.json
		Frontend\eshop-web\vite.config.ts = Frontend\eshop-web\vite.config.ts
	EndProjectSection
EndProject
Project("{FAE04EC0-301F-11D3-BF4B-00C04F79EFBC}") = "Notification.Api", "Notification\Notification.Api\Notification.Api.csproj", "{05E39293-1D45-3F8B-E655-8F19718C89AD}"
EndProject
Project("{2150E333-8FDC-42A3-9474-1A3956D46DE8}") = "Sellers", "Sellers", "{DF65D1F4-57F8-B431-3AC1-079C5DC2BCBB}"
EndProject
Project("{FAE04EC0-301F-11D3-BF4B-00C04F79EFBC}") = "Sellers.Api", "Sellers\Sellers.Api\Sellers.Api.csproj", "{E9242D41-BB25-4EFC-94B4-0D1ACC57A3CE}"
EndProject
Project("{FAE04EC0-301F-11D3-BF4B-00C04F79EFBC}") = "Sellers.Application", "Sellers\Sellers.Application\Sellers.Application.csproj", "{71AE0FD5-7EB3-4F18-BCC8-E13983DDFDED}"
EndProject
Project("{FAE04EC0-301F-11D3-BF4B-00C04F79EFBC}") = "Sellers.Domain", "Domain\Sellers.Domain\Sellers.Domain.csproj", "{A008E5CE-E261-4584-8D3B-48D68EFDEFCD}"
EndProject
Project("{FAE04EC0-301F-11D3-BF4B-00C04F79EFBC}") = "Sellers.Service", "Sellers\Sellers.Service\Sellers.Service.csproj", "{033AE80F-E203-49DB-953C-C5234877BD91}"
EndProject
Project("{FAE04EC0-301F-11D3-BF4B-00C04F79EFBC}") = "Sellers.EventsProcessor", "Sellers\Sellers.EventsProcessor\Sellers.EventsProcessor.csproj", "{7A1DFDD8-2E4C-475E-98C0-5980064D830F}"
EndProject
Global
	GlobalSection(SolutionConfigurationPlatforms) = preSolution
		Debug|Any CPU = Debug|Any CPU
		Debug|x64 = Debug|x64
		Debug|x86 = Debug|x86
		Release|Any CPU = Release|Any CPU
		Release|x64 = Release|x64
		Release|x86 = Release|x86
	EndGlobalSection
	GlobalSection(ProjectConfigurationPlatforms) = postSolution
		{1243246C-5B36-4A2E-ACED-10AF81585105}.Debug|Any CPU.ActiveCfg = Debug|Any CPU
		{1243246C-5B36-4A2E-ACED-10AF81585105}.Debug|Any CPU.Build.0 = Debug|Any CPU
		{1243246C-5B36-4A2E-ACED-10AF81585105}.Debug|x64.ActiveCfg = Debug|Any CPU
		{1243246C-5B36-4A2E-ACED-10AF81585105}.Debug|x64.Build.0 = Debug|Any CPU
		{1243246C-5B36-4A2E-ACED-10AF81585105}.Debug|x86.ActiveCfg = Debug|Any CPU
		{1243246C-5B36-4A2E-ACED-10AF81585105}.Debug|x86.Build.0 = Debug|Any CPU
		{1243246C-5B36-4A2E-ACED-10AF81585105}.Release|Any CPU.ActiveCfg = Release|Any CPU
		{1243246C-5B36-4A2E-ACED-10AF81585105}.Release|Any CPU.Build.0 = Release|Any CPU
		{1243246C-5B36-4A2E-ACED-10AF81585105}.Release|x64.ActiveCfg = Release|Any CPU
		{1243246C-5B36-4A2E-ACED-10AF81585105}.Release|x64.Build.0 = Release|Any CPU
		{1243246C-5B36-4A2E-ACED-10AF81585105}.Release|x86.ActiveCfg = Release|Any CPU
		{1243246C-5B36-4A2E-ACED-10AF81585105}.Release|x86.Build.0 = Release|Any CPU
		{100974FE-3453-4761-B641-E2CD659DED60}.Debug|Any CPU.ActiveCfg = Debug|Any CPU
		{100974FE-3453-4761-B641-E2CD659DED60}.Debug|Any CPU.Build.0 = Debug|Any CPU
		{100974FE-3453-4761-B641-E2CD659DED60}.Debug|x64.ActiveCfg = Debug|Any CPU
		{100974FE-3453-4761-B641-E2CD659DED60}.Debug|x64.Build.0 = Debug|Any CPU
		{100974FE-3453-4761-B641-E2CD659DED60}.Debug|x86.ActiveCfg = Debug|Any CPU
		{100974FE-3453-4761-B641-E2CD659DED60}.Debug|x86.Build.0 = Debug|Any CPU
		{100974FE-3453-4761-B641-E2CD659DED60}.Release|Any CPU.ActiveCfg = Release|Any CPU
		{100974FE-3453-4761-B641-E2CD659DED60}.Release|Any CPU.Build.0 = Release|Any CPU
		{100974FE-3453-4761-B641-E2CD659DED60}.Release|x64.ActiveCfg = Release|Any CPU
		{100974FE-3453-4761-B641-E2CD659DED60}.Release|x64.Build.0 = Release|Any CPU
		{100974FE-3453-4761-B641-E2CD659DED60}.Release|x86.ActiveCfg = Release|Any CPU
		{100974FE-3453-4761-B641-E2CD659DED60}.Release|x86.Build.0 = Release|Any CPU
		{E001A8E7-1280-42C6-9C2F-94B834B4CFC1}.Debug|Any CPU.ActiveCfg = Debug|Any CPU
		{E001A8E7-1280-42C6-9C2F-94B834B4CFC1}.Debug|Any CPU.Build.0 = Debug|Any CPU
		{E001A8E7-1280-42C6-9C2F-94B834B4CFC1}.Debug|x64.ActiveCfg = Debug|Any CPU
		{E001A8E7-1280-42C6-9C2F-94B834B4CFC1}.Debug|x64.Build.0 = Debug|Any CPU
		{E001A8E7-1280-42C6-9C2F-94B834B4CFC1}.Debug|x86.ActiveCfg = Debug|Any CPU
		{E001A8E7-1280-42C6-9C2F-94B834B4CFC1}.Debug|x86.Build.0 = Debug|Any CPU
		{E001A8E7-1280-42C6-9C2F-94B834B4CFC1}.Release|Any CPU.ActiveCfg = Release|Any CPU
		{E001A8E7-1280-42C6-9C2F-94B834B4CFC1}.Release|Any CPU.Build.0 = Release|Any CPU
		{E001A8E7-1280-42C6-9C2F-94B834B4CFC1}.Release|x64.ActiveCfg = Release|Any CPU
		{E001A8E7-1280-42C6-9C2F-94B834B4CFC1}.Release|x64.Build.0 = Release|Any CPU
		{E001A8E7-1280-42C6-9C2F-94B834B4CFC1}.Release|x86.ActiveCfg = Release|Any CPU
		{E001A8E7-1280-42C6-9C2F-94B834B4CFC1}.Release|x86.Build.0 = Release|Any CPU
		{8FD36207-38AC-4D3E-B715-0A8DD410C88E}.Debug|Any CPU.ActiveCfg = Debug|Any CPU
		{8FD36207-38AC-4D3E-B715-0A8DD410C88E}.Debug|Any CPU.Build.0 = Debug|Any CPU
		{8FD36207-38AC-4D3E-B715-0A8DD410C88E}.Debug|x64.ActiveCfg = Debug|Any CPU
		{8FD36207-38AC-4D3E-B715-0A8DD410C88E}.Debug|x64.Build.0 = Debug|Any CPU
		{8FD36207-38AC-4D3E-B715-0A8DD410C88E}.Debug|x86.ActiveCfg = Debug|Any CPU
		{8FD36207-38AC-4D3E-B715-0A8DD410C88E}.Debug|x86.Build.0 = Debug|Any CPU
		{8FD36207-38AC-4D3E-B715-0A8DD410C88E}.Release|Any CPU.ActiveCfg = Release|Any CPU
		{8FD36207-38AC-4D3E-B715-0A8DD410C88E}.Release|Any CPU.Build.0 = Release|Any CPU
		{8FD36207-38AC-4D3E-B715-0A8DD410C88E}.Release|x64.ActiveCfg = Release|Any CPU
		{8FD36207-38AC-4D3E-B715-0A8DD410C88E}.Release|x64.Build.0 = Release|Any CPU
		{8FD36207-38AC-4D3E-B715-0A8DD410C88E}.Release|x86.ActiveCfg = Release|Any CPU
		{8FD36207-38AC-4D3E-B715-0A8DD410C88E}.Release|x86.Build.0 = Release|Any CPU
		{BAB0A0FB-DD8D-4A9A-9F01-BA89845B30BD}.Debug|Any CPU.ActiveCfg = Debug|Any CPU
		{BAB0A0FB-DD8D-4A9A-9F01-BA89845B30BD}.Debug|Any CPU.Build.0 = Debug|Any CPU
		{BAB0A0FB-DD8D-4A9A-9F01-BA89845B30BD}.Debug|x64.ActiveCfg = Debug|Any CPU
		{BAB0A0FB-DD8D-4A9A-9F01-BA89845B30BD}.Debug|x64.Build.0 = Debug|Any CPU
		{BAB0A0FB-DD8D-4A9A-9F01-BA89845B30BD}.Debug|x86.ActiveCfg = Debug|Any CPU
		{BAB0A0FB-DD8D-4A9A-9F01-BA89845B30BD}.Debug|x86.Build.0 = Debug|Any CPU
		{BAB0A0FB-DD8D-4A9A-9F01-BA89845B30BD}.Release|Any CPU.ActiveCfg = Release|Any CPU
		{BAB0A0FB-DD8D-4A9A-9F01-BA89845B30BD}.Release|Any CPU.Build.0 = Release|Any CPU
		{BAB0A0FB-DD8D-4A9A-9F01-BA89845B30BD}.Release|x64.ActiveCfg = Release|Any CPU
		{BAB0A0FB-DD8D-4A9A-9F01-BA89845B30BD}.Release|x64.Build.0 = Release|Any CPU
		{BAB0A0FB-DD8D-4A9A-9F01-BA89845B30BD}.Release|x86.ActiveCfg = Release|Any CPU
		{BAB0A0FB-DD8D-4A9A-9F01-BA89845B30BD}.Release|x86.Build.0 = Release|Any CPU
		{68F29828-56D7-4470-901F-832633ADF39D}.Debug|Any CPU.ActiveCfg = Debug|Any CPU
		{68F29828-56D7-4470-901F-832633ADF39D}.Debug|Any CPU.Build.0 = Debug|Any CPU
		{68F29828-56D7-4470-901F-832633ADF39D}.Debug|x64.ActiveCfg = Debug|Any CPU
		{68F29828-56D7-4470-901F-832633ADF39D}.Debug|x64.Build.0 = Debug|Any CPU
		{68F29828-56D7-4470-901F-832633ADF39D}.Debug|x86.ActiveCfg = Debug|Any CPU
		{68F29828-56D7-4470-901F-832633ADF39D}.Debug|x86.Build.0 = Debug|Any CPU
		{68F29828-56D7-4470-901F-832633ADF39D}.Release|Any CPU.ActiveCfg = Release|Any CPU
		{68F29828-56D7-4470-901F-832633ADF39D}.Release|Any CPU.Build.0 = Release|Any CPU
		{68F29828-56D7-4470-901F-832633ADF39D}.Release|x64.ActiveCfg = Release|Any CPU
		{68F29828-56D7-4470-901F-832633ADF39D}.Release|x64.Build.0 = Release|Any CPU
		{68F29828-56D7-4470-901F-832633ADF39D}.Release|x86.ActiveCfg = Release|Any CPU
		{68F29828-56D7-4470-901F-832633ADF39D}.Release|x86.Build.0 = Release|Any CPU
		{54C8C7F8-DC08-4F13-BD13-986BE97CDDCE}.Debug|Any CPU.ActiveCfg = Debug|Any CPU
		{54C8C7F8-DC08-4F13-BD13-986BE97CDDCE}.Debug|Any CPU.Build.0 = Debug|Any CPU
		{54C8C7F8-DC08-4F13-BD13-986BE97CDDCE}.Debug|x64.ActiveCfg = Debug|Any CPU
		{54C8C7F8-DC08-4F13-BD13-986BE97CDDCE}.Debug|x64.Build.0 = Debug|Any CPU
		{54C8C7F8-DC08-4F13-BD13-986BE97CDDCE}.Debug|x86.ActiveCfg = Debug|Any CPU
		{54C8C7F8-DC08-4F13-BD13-986BE97CDDCE}.Debug|x86.Build.0 = Debug|Any CPU
		{54C8C7F8-DC08-4F13-BD13-986BE97CDDCE}.Release|Any CPU.ActiveCfg = Release|Any CPU
		{54C8C7F8-DC08-4F13-BD13-986BE97CDDCE}.Release|Any CPU.Build.0 = Release|Any CPU
		{54C8C7F8-DC08-4F13-BD13-986BE97CDDCE}.Release|x64.ActiveCfg = Release|Any CPU
		{54C8C7F8-DC08-4F13-BD13-986BE97CDDCE}.Release|x64.Build.0 = Release|Any CPU
		{54C8C7F8-DC08-4F13-BD13-986BE97CDDCE}.Release|x86.ActiveCfg = Release|Any CPU
		{54C8C7F8-DC08-4F13-BD13-986BE97CDDCE}.Release|x86.Build.0 = Release|Any CPU
		{A165B42E-71B2-4A3A-8590-8706E36331A5}.Debug|Any CPU.ActiveCfg = Debug|Any CPU
		{A165B42E-71B2-4A3A-8590-8706E36331A5}.Debug|Any CPU.Build.0 = Debug|Any CPU
		{A165B42E-71B2-4A3A-8590-8706E36331A5}.Debug|x64.ActiveCfg = Debug|Any CPU
		{A165B42E-71B2-4A3A-8590-8706E36331A5}.Debug|x64.Build.0 = Debug|Any CPU
		{A165B42E-71B2-4A3A-8590-8706E36331A5}.Debug|x86.ActiveCfg = Debug|Any CPU
		{A165B42E-71B2-4A3A-8590-8706E36331A5}.Debug|x86.Build.0 = Debug|Any CPU
		{A165B42E-71B2-4A3A-8590-8706E36331A5}.Release|Any CPU.ActiveCfg = Release|Any CPU
		{A165B42E-71B2-4A3A-8590-8706E36331A5}.Release|Any CPU.Build.0 = Release|Any CPU
		{A165B42E-71B2-4A3A-8590-8706E36331A5}.Release|x64.ActiveCfg = Release|Any CPU
		{A165B42E-71B2-4A3A-8590-8706E36331A5}.Release|x64.Build.0 = Release|Any CPU
		{A165B42E-71B2-4A3A-8590-8706E36331A5}.Release|x86.ActiveCfg = Release|Any CPU
		{A165B42E-71B2-4A3A-8590-8706E36331A5}.Release|x86.Build.0 = Release|Any CPU
		{F9F99571-765D-4FA8-B243-2CF6AB81F2B9}.Debug|Any CPU.ActiveCfg = Debug|Any CPU
		{F9F99571-765D-4FA8-B243-2CF6AB81F2B9}.Debug|Any CPU.Build.0 = Debug|Any CPU
		{F9F99571-765D-4FA8-B243-2CF6AB81F2B9}.Debug|x64.ActiveCfg = Debug|Any CPU
		{F9F99571-765D-4FA8-B243-2CF6AB81F2B9}.Debug|x64.Build.0 = Debug|Any CPU
		{F9F99571-765D-4FA8-B243-2CF6AB81F2B9}.Debug|x86.ActiveCfg = Debug|Any CPU
		{F9F99571-765D-4FA8-B243-2CF6AB81F2B9}.Debug|x86.Build.0 = Debug|Any CPU
		{F9F99571-765D-4FA8-B243-2CF6AB81F2B9}.Release|Any CPU.ActiveCfg = Release|Any CPU
		{F9F99571-765D-4FA8-B243-2CF6AB81F2B9}.Release|Any CPU.Build.0 = Release|Any CPU
		{F9F99571-765D-4FA8-B243-2CF6AB81F2B9}.Release|x64.ActiveCfg = Release|Any CPU
		{F9F99571-765D-4FA8-B243-2CF6AB81F2B9}.Release|x64.Build.0 = Release|Any CPU
		{F9F99571-765D-4FA8-B243-2CF6AB81F2B9}.Release|x86.ActiveCfg = Release|Any CPU
		{F9F99571-765D-4FA8-B243-2CF6AB81F2B9}.Release|x86.Build.0 = Release|Any CPU
		{0C204D90-50B5-4CD4-AD47-878C3AE9DB93}.Debug|Any CPU.ActiveCfg = Debug|Any CPU
		{0C204D90-50B5-4CD4-AD47-878C3AE9DB93}.Debug|Any CPU.Build.0 = Debug|Any CPU
		{0C204D90-50B5-4CD4-AD47-878C3AE9DB93}.Debug|x64.ActiveCfg = Debug|Any CPU
		{0C204D90-50B5-4CD4-AD47-878C3AE9DB93}.Debug|x64.Build.0 = Debug|Any CPU
		{0C204D90-50B5-4CD4-AD47-878C3AE9DB93}.Debug|x86.ActiveCfg = Debug|Any CPU
		{0C204D90-50B5-4CD4-AD47-878C3AE9DB93}.Debug|x86.Build.0 = Debug|Any CPU
		{0C204D90-50B5-4CD4-AD47-878C3AE9DB93}.Release|Any CPU.ActiveCfg = Release|Any CPU
		{0C204D90-50B5-4CD4-AD47-878C3AE9DB93}.Release|Any CPU.Build.0 = Release|Any CPU
		{0C204D90-50B5-4CD4-AD47-878C3AE9DB93}.Release|x64.ActiveCfg = Release|Any CPU
		{0C204D90-50B5-4CD4-AD47-878C3AE9DB93}.Release|x64.Build.0 = Release|Any CPU
		{0C204D90-50B5-4CD4-AD47-878C3AE9DB93}.Release|x86.ActiveCfg = Release|Any CPU
		{0C204D90-50B5-4CD4-AD47-878C3AE9DB93}.Release|x86.Build.0 = Release|Any CPU
		{81D48550-7824-454F-A57B-D2047129E77F}.Debug|Any CPU.ActiveCfg = Debug|Any CPU
		{81D48550-7824-454F-A57B-D2047129E77F}.Debug|Any CPU.Build.0 = Debug|Any CPU
		{81D48550-7824-454F-A57B-D2047129E77F}.Debug|x64.ActiveCfg = Debug|Any CPU
		{81D48550-7824-454F-A57B-D2047129E77F}.Debug|x64.Build.0 = Debug|Any CPU
		{81D48550-7824-454F-A57B-D2047129E77F}.Debug|x86.ActiveCfg = Debug|Any CPU
		{81D48550-7824-454F-A57B-D2047129E77F}.Debug|x86.Build.0 = Debug|Any CPU
		{81D48550-7824-454F-A57B-D2047129E77F}.Release|Any CPU.ActiveCfg = Release|Any CPU
		{81D48550-7824-454F-A57B-D2047129E77F}.Release|Any CPU.Build.0 = Release|Any CPU
		{81D48550-7824-454F-A57B-D2047129E77F}.Release|x64.ActiveCfg = Release|Any CPU
		{81D48550-7824-454F-A57B-D2047129E77F}.Release|x64.Build.0 = Release|Any CPU
		{81D48550-7824-454F-A57B-D2047129E77F}.Release|x86.ActiveCfg = Release|Any CPU
		{81D48550-7824-454F-A57B-D2047129E77F}.Release|x86.Build.0 = Release|Any CPU
		{CCFB1EAF-BB10-4F67-BC6B-A4B4EDE50749}.Debug|Any CPU.ActiveCfg = Debug|Any CPU
		{CCFB1EAF-BB10-4F67-BC6B-A4B4EDE50749}.Debug|Any CPU.Build.0 = Debug|Any CPU
		{CCFB1EAF-BB10-4F67-BC6B-A4B4EDE50749}.Debug|x64.ActiveCfg = Debug|Any CPU
		{CCFB1EAF-BB10-4F67-BC6B-A4B4EDE50749}.Debug|x64.Build.0 = Debug|Any CPU
		{CCFB1EAF-BB10-4F67-BC6B-A4B4EDE50749}.Debug|x86.ActiveCfg = Debug|Any CPU
		{CCFB1EAF-BB10-4F67-BC6B-A4B4EDE50749}.Debug|x86.Build.0 = Debug|Any CPU
		{CCFB1EAF-BB10-4F67-BC6B-A4B4EDE50749}.Release|Any CPU.ActiveCfg = Release|Any CPU
		{CCFB1EAF-BB10-4F67-BC6B-A4B4EDE50749}.Release|Any CPU.Build.0 = Release|Any CPU
		{CCFB1EAF-BB10-4F67-BC6B-A4B4EDE50749}.Release|x64.ActiveCfg = Release|Any CPU
		{CCFB1EAF-BB10-4F67-BC6B-A4B4EDE50749}.Release|x64.Build.0 = Release|Any CPU
		{CCFB1EAF-BB10-4F67-BC6B-A4B4EDE50749}.Release|x86.ActiveCfg = Release|Any CPU
		{CCFB1EAF-BB10-4F67-BC6B-A4B4EDE50749}.Release|x86.Build.0 = Release|Any CPU
		{2D9EE00D-9654-404C-BB59-1330537EC710}.Debug|Any CPU.ActiveCfg = Debug|Any CPU
		{2D9EE00D-9654-404C-BB59-1330537EC710}.Debug|Any CPU.Build.0 = Debug|Any CPU
		{2D9EE00D-9654-404C-BB59-1330537EC710}.Debug|x64.ActiveCfg = Debug|Any CPU
		{2D9EE00D-9654-404C-BB59-1330537EC710}.Debug|x64.Build.0 = Debug|Any CPU
		{2D9EE00D-9654-404C-BB59-1330537EC710}.Debug|x86.ActiveCfg = Debug|Any CPU
		{2D9EE00D-9654-404C-BB59-1330537EC710}.Debug|x86.Build.0 = Debug|Any CPU
		{2D9EE00D-9654-404C-BB59-1330537EC710}.Release|Any CPU.ActiveCfg = Release|Any CPU
		{2D9EE00D-9654-404C-BB59-1330537EC710}.Release|Any CPU.Build.0 = Release|Any CPU
		{2D9EE00D-9654-404C-BB59-1330537EC710}.Release|x64.ActiveCfg = Release|Any CPU
		{2D9EE00D-9654-404C-BB59-1330537EC710}.Release|x64.Build.0 = Release|Any CPU
		{2D9EE00D-9654-404C-BB59-1330537EC710}.Release|x86.ActiveCfg = Release|Any CPU
		{2D9EE00D-9654-404C-BB59-1330537EC710}.Release|x86.Build.0 = Release|Any CPU
		{C791FFA9-FFBF-49CA-B8A9-BD7DE65D094D}.Debug|Any CPU.ActiveCfg = Debug|Any CPU
		{C791FFA9-FFBF-49CA-B8A9-BD7DE65D094D}.Debug|Any CPU.Build.0 = Debug|Any CPU
		{C791FFA9-FFBF-49CA-B8A9-BD7DE65D094D}.Debug|x64.ActiveCfg = Debug|Any CPU
		{C791FFA9-FFBF-49CA-B8A9-BD7DE65D094D}.Debug|x64.Build.0 = Debug|Any CPU
		{C791FFA9-FFBF-49CA-B8A9-BD7DE65D094D}.Debug|x86.ActiveCfg = Debug|Any CPU
		{C791FFA9-FFBF-49CA-B8A9-BD7DE65D094D}.Debug|x86.Build.0 = Debug|Any CPU
		{C791FFA9-FFBF-49CA-B8A9-BD7DE65D094D}.Release|Any CPU.ActiveCfg = Release|Any CPU
		{C791FFA9-FFBF-49CA-B8A9-BD7DE65D094D}.Release|Any CPU.Build.0 = Release|Any CPU
		{C791FFA9-FFBF-49CA-B8A9-BD7DE65D094D}.Release|x64.ActiveCfg = Release|Any CPU
		{C791FFA9-FFBF-49CA-B8A9-BD7DE65D094D}.Release|x64.Build.0 = Release|Any CPU
		{C791FFA9-FFBF-49CA-B8A9-BD7DE65D094D}.Release|x86.ActiveCfg = Release|Any CPU
		{C791FFA9-FFBF-49CA-B8A9-BD7DE65D094D}.Release|x86.Build.0 = Release|Any CPU
		{0A69EB77-A7BB-458F-8817-AD0BF3747729}.Debug|Any CPU.ActiveCfg = Debug|Any CPU
		{0A69EB77-A7BB-458F-8817-AD0BF3747729}.Debug|Any CPU.Build.0 = Debug|Any CPU
		{0A69EB77-A7BB-458F-8817-AD0BF3747729}.Debug|x64.ActiveCfg = Debug|Any CPU
		{0A69EB77-A7BB-458F-8817-AD0BF3747729}.Debug|x64.Build.0 = Debug|Any CPU
		{0A69EB77-A7BB-458F-8817-AD0BF3747729}.Debug|x86.ActiveCfg = Debug|Any CPU
		{0A69EB77-A7BB-458F-8817-AD0BF3747729}.Debug|x86.Build.0 = Debug|Any CPU
		{0A69EB77-A7BB-458F-8817-AD0BF3747729}.Release|Any CPU.ActiveCfg = Release|Any CPU
		{0A69EB77-A7BB-458F-8817-AD0BF3747729}.Release|Any CPU.Build.0 = Release|Any CPU
		{0A69EB77-A7BB-458F-8817-AD0BF3747729}.Release|x64.ActiveCfg = Release|Any CPU
		{0A69EB77-A7BB-458F-8817-AD0BF3747729}.Release|x64.Build.0 = Release|Any CPU
		{0A69EB77-A7BB-458F-8817-AD0BF3747729}.Release|x86.ActiveCfg = Release|Any CPU
		{0A69EB77-A7BB-458F-8817-AD0BF3747729}.Release|x86.Build.0 = Release|Any CPU
		{50B46B4E-1D89-4400-BE6A-E6A8C8FE685B}.Debug|Any CPU.ActiveCfg = Debug|Any CPU
		{50B46B4E-1D89-4400-BE6A-E6A8C8FE685B}.Debug|Any CPU.Build.0 = Debug|Any CPU
		{50B46B4E-1D89-4400-BE6A-E6A8C8FE685B}.Debug|x64.ActiveCfg = Debug|Any CPU
		{50B46B4E-1D89-4400-BE6A-E6A8C8FE685B}.Debug|x64.Build.0 = Debug|Any CPU
		{50B46B4E-1D89-4400-BE6A-E6A8C8FE685B}.Debug|x86.ActiveCfg = Debug|Any CPU
		{50B46B4E-1D89-4400-BE6A-E6A8C8FE685B}.Debug|x86.Build.0 = Debug|Any CPU
		{50B46B4E-1D89-4400-BE6A-E6A8C8FE685B}.Release|Any CPU.ActiveCfg = Release|Any CPU
		{50B46B4E-1D89-4400-BE6A-E6A8C8FE685B}.Release|Any CPU.Build.0 = Release|Any CPU
		{50B46B4E-1D89-4400-BE6A-E6A8C8FE685B}.Release|x64.ActiveCfg = Release|Any CPU
		{50B46B4E-1D89-4400-BE6A-E6A8C8FE685B}.Release|x64.Build.0 = Release|Any CPU
		{50B46B4E-1D89-4400-BE6A-E6A8C8FE685B}.Release|x86.ActiveCfg = Release|Any CPU
		{50B46B4E-1D89-4400-BE6A-E6A8C8FE685B}.Release|x86.Build.0 = Release|Any CPU
		{641C835F-AF8E-4C20-9B30-4923593E6281}.Debug|Any CPU.ActiveCfg = Debug|Any CPU
		{641C835F-AF8E-4C20-9B30-4923593E6281}.Debug|Any CPU.Build.0 = Debug|Any CPU
		{641C835F-AF8E-4C20-9B30-4923593E6281}.Debug|x64.ActiveCfg = Debug|Any CPU
		{641C835F-AF8E-4C20-9B30-4923593E6281}.Debug|x64.Build.0 = Debug|Any CPU
		{641C835F-AF8E-4C20-9B30-4923593E6281}.Debug|x86.ActiveCfg = Debug|Any CPU
		{641C835F-AF8E-4C20-9B30-4923593E6281}.Debug|x86.Build.0 = Debug|Any CPU
		{641C835F-AF8E-4C20-9B30-4923593E6281}.Release|Any CPU.ActiveCfg = Release|Any CPU
		{641C835F-AF8E-4C20-9B30-4923593E6281}.Release|Any CPU.Build.0 = Release|Any CPU
		{641C835F-AF8E-4C20-9B30-4923593E6281}.Release|x64.ActiveCfg = Release|Any CPU
		{641C835F-AF8E-4C20-9B30-4923593E6281}.Release|x64.Build.0 = Release|Any CPU
		{641C835F-AF8E-4C20-9B30-4923593E6281}.Release|x86.ActiveCfg = Release|Any CPU
		{641C835F-AF8E-4C20-9B30-4923593E6281}.Release|x86.Build.0 = Release|Any CPU
		{C773CC8C-FE4D-B375-6ECD-10EDDCC4684D}.Debug|Any CPU.ActiveCfg = Debug|Any CPU
		{C773CC8C-FE4D-B375-6ECD-10EDDCC4684D}.Debug|Any CPU.Build.0 = Debug|Any CPU
		{C773CC8C-FE4D-B375-6ECD-10EDDCC4684D}.Debug|x64.ActiveCfg = Debug|Any CPU
		{C773CC8C-FE4D-B375-6ECD-10EDDCC4684D}.Debug|x64.Build.0 = Debug|Any CPU
		{C773CC8C-FE4D-B375-6ECD-10EDDCC4684D}.Debug|x86.ActiveCfg = Debug|Any CPU
		{C773CC8C-FE4D-B375-6ECD-10EDDCC4684D}.Debug|x86.Build.0 = Debug|Any CPU
		{C773CC8C-FE4D-B375-6ECD-10EDDCC4684D}.Release|Any CPU.ActiveCfg = Release|Any CPU
		{C773CC8C-FE4D-B375-6ECD-10EDDCC4684D}.Release|Any CPU.Build.0 = Release|Any CPU
		{C773CC8C-FE4D-B375-6ECD-10EDDCC4684D}.Release|x64.ActiveCfg = Release|Any CPU
		{C773CC8C-FE4D-B375-6ECD-10EDDCC4684D}.Release|x64.Build.0 = Release|Any CPU
		{C773CC8C-FE4D-B375-6ECD-10EDDCC4684D}.Release|x86.ActiveCfg = Release|Any CPU
		{C773CC8C-FE4D-B375-6ECD-10EDDCC4684D}.Release|x86.Build.0 = Release|Any CPU
		{CFEAD33B-33E4-4CCD-AB98-808DC4D19EA6}.Debug|Any CPU.ActiveCfg = Debug|Any CPU
		{CFEAD33B-33E4-4CCD-AB98-808DC4D19EA6}.Debug|Any CPU.Build.0 = Debug|Any CPU
		{CFEAD33B-33E4-4CCD-AB98-808DC4D19EA6}.Debug|x64.ActiveCfg = Debug|Any CPU
		{CFEAD33B-33E4-4CCD-AB98-808DC4D19EA6}.Debug|x64.Build.0 = Debug|Any CPU
		{CFEAD33B-33E4-4CCD-AB98-808DC4D19EA6}.Debug|x86.ActiveCfg = Debug|Any CPU
		{CFEAD33B-33E4-4CCD-AB98-808DC4D19EA6}.Debug|x86.Build.0 = Debug|Any CPU
		{CFEAD33B-33E4-4CCD-AB98-808DC4D19EA6}.Release|Any CPU.ActiveCfg = Release|Any CPU
		{CFEAD33B-33E4-4CCD-AB98-808DC4D19EA6}.Release|Any CPU.Build.0 = Release|Any CPU
		{CFEAD33B-33E4-4CCD-AB98-808DC4D19EA6}.Release|x64.ActiveCfg = Release|Any CPU
		{CFEAD33B-33E4-4CCD-AB98-808DC4D19EA6}.Release|x64.Build.0 = Release|Any CPU
		{CFEAD33B-33E4-4CCD-AB98-808DC4D19EA6}.Release|x86.ActiveCfg = Release|Any CPU
		{CFEAD33B-33E4-4CCD-AB98-808DC4D19EA6}.Release|x86.Build.0 = Release|Any CPU
		{B3870917-B6A3-8CF7-5B65-32D0CF16F923}.Debug|Any CPU.ActiveCfg = Debug|Any CPU
		{B3870917-B6A3-8CF7-5B65-32D0CF16F923}.Debug|Any CPU.Build.0 = Debug|Any CPU
		{B3870917-B6A3-8CF7-5B65-32D0CF16F923}.Debug|x64.ActiveCfg = Debug|Any CPU
		{B3870917-B6A3-8CF7-5B65-32D0CF16F923}.Debug|x64.Build.0 = Debug|Any CPU
		{B3870917-B6A3-8CF7-5B65-32D0CF16F923}.Debug|x86.ActiveCfg = Debug|Any CPU
		{B3870917-B6A3-8CF7-5B65-32D0CF16F923}.Debug|x86.Build.0 = Debug|Any CPU
		{B3870917-B6A3-8CF7-5B65-32D0CF16F923}.Release|Any CPU.ActiveCfg = Release|Any CPU
		{B3870917-B6A3-8CF7-5B65-32D0CF16F923}.Release|Any CPU.Build.0 = Release|Any CPU
		{B3870917-B6A3-8CF7-5B65-32D0CF16F923}.Release|x64.ActiveCfg = Release|Any CPU
		{B3870917-B6A3-8CF7-5B65-32D0CF16F923}.Release|x64.Build.0 = Release|Any CPU
		{B3870917-B6A3-8CF7-5B65-32D0CF16F923}.Release|x86.ActiveCfg = Release|Any CPU
		{B3870917-B6A3-8CF7-5B65-32D0CF16F923}.Release|x86.Build.0 = Release|Any CPU
		{C6BA8656-B17F-1DC4-91D7-B772DE642F0E}.Debug|Any CPU.ActiveCfg = Debug|Any CPU
		{C6BA8656-B17F-1DC4-91D7-B772DE642F0E}.Debug|Any CPU.Build.0 = Debug|Any CPU
		{C6BA8656-B17F-1DC4-91D7-B772DE642F0E}.Debug|x64.ActiveCfg = Debug|Any CPU
		{C6BA8656-B17F-1DC4-91D7-B772DE642F0E}.Debug|x64.Build.0 = Debug|Any CPU
		{C6BA8656-B17F-1DC4-91D7-B772DE642F0E}.Debug|x86.ActiveCfg = Debug|Any CPU
		{C6BA8656-B17F-1DC4-91D7-B772DE642F0E}.Debug|x86.Build.0 = Debug|Any CPU
		{C6BA8656-B17F-1DC4-91D7-B772DE642F0E}.Release|Any CPU.ActiveCfg = Release|Any CPU
		{C6BA8656-B17F-1DC4-91D7-B772DE642F0E}.Release|Any CPU.Build.0 = Release|Any CPU
		{C6BA8656-B17F-1DC4-91D7-B772DE642F0E}.Release|x64.ActiveCfg = Release|Any CPU
		{C6BA8656-B17F-1DC4-91D7-B772DE642F0E}.Release|x64.Build.0 = Release|Any CPU
		{C6BA8656-B17F-1DC4-91D7-B772DE642F0E}.Release|x86.ActiveCfg = Release|Any CPU
		{C6BA8656-B17F-1DC4-91D7-B772DE642F0E}.Release|x86.Build.0 = Release|Any CPU
		{D7489B30-E97B-02B5-749D-22817431107D}.Debug|Any CPU.ActiveCfg = Debug|Any CPU
		{D7489B30-E97B-02B5-749D-22817431107D}.Debug|Any CPU.Build.0 = Debug|Any CPU
		{D7489B30-E97B-02B5-749D-22817431107D}.Debug|x64.ActiveCfg = Debug|Any CPU
		{D7489B30-E97B-02B5-749D-22817431107D}.Debug|x64.Build.0 = Debug|Any CPU
		{D7489B30-E97B-02B5-749D-22817431107D}.Debug|x86.ActiveCfg = Debug|Any CPU
		{D7489B30-E97B-02B5-749D-22817431107D}.Debug|x86.Build.0 = Debug|Any CPU
		{D7489B30-E97B-02B5-749D-22817431107D}.Release|Any CPU.ActiveCfg = Release|Any CPU
		{D7489B30-E97B-02B5-749D-22817431107D}.Release|Any CPU.Build.0 = Release|Any CPU
		{D7489B30-E97B-02B5-749D-22817431107D}.Release|x64.ActiveCfg = Release|Any CPU
		{D7489B30-E97B-02B5-749D-22817431107D}.Release|x64.Build.0 = Release|Any CPU
		{D7489B30-E97B-02B5-749D-22817431107D}.Release|x86.ActiveCfg = Release|Any CPU
		{D7489B30-E97B-02B5-749D-22817431107D}.Release|x86.Build.0 = Release|Any CPU
		{49ADEE94-C98B-4656-81FA-C36FAEC10B13}.Debug|Any CPU.ActiveCfg = Debug|Any CPU
		{49ADEE94-C98B-4656-81FA-C36FAEC10B13}.Debug|Any CPU.Build.0 = Debug|Any CPU
		{49ADEE94-C98B-4656-81FA-C36FAEC10B13}.Debug|x64.ActiveCfg = Debug|Any CPU
		{49ADEE94-C98B-4656-81FA-C36FAEC10B13}.Debug|x64.Build.0 = Debug|Any CPU
		{49ADEE94-C98B-4656-81FA-C36FAEC10B13}.Debug|x86.ActiveCfg = Debug|Any CPU
		{49ADEE94-C98B-4656-81FA-C36FAEC10B13}.Debug|x86.Build.0 = Debug|Any CPU
		{49ADEE94-C98B-4656-81FA-C36FAEC10B13}.Release|Any CPU.ActiveCfg = Release|Any CPU
		{49ADEE94-C98B-4656-81FA-C36FAEC10B13}.Release|Any CPU.Build.0 = Release|Any CPU
		{49ADEE94-C98B-4656-81FA-C36FAEC10B13}.Release|x64.ActiveCfg = Release|Any CPU
		{49ADEE94-C98B-4656-81FA-C36FAEC10B13}.Release|x64.Build.0 = Release|Any CPU
		{49ADEE94-C98B-4656-81FA-C36FAEC10B13}.Release|x86.ActiveCfg = Release|Any CPU
		{49ADEE94-C98B-4656-81FA-C36FAEC10B13}.Release|x86.Build.0 = Release|Any CPU
		{FC571577-F7BF-2673-3126-12356A8210B6}.Debug|Any CPU.ActiveCfg = Debug|Any CPU
		{FC571577-F7BF-2673-3126-12356A8210B6}.Debug|Any CPU.Build.0 = Debug|Any CPU
		{FC571577-F7BF-2673-3126-12356A8210B6}.Debug|x64.ActiveCfg = Debug|Any CPU
		{FC571577-F7BF-2673-3126-12356A8210B6}.Debug|x64.Build.0 = Debug|Any CPU
		{FC571577-F7BF-2673-3126-12356A8210B6}.Debug|x86.ActiveCfg = Debug|Any CPU
		{FC571577-F7BF-2673-3126-12356A8210B6}.Debug|x86.Build.0 = Debug|Any CPU
		{FC571577-F7BF-2673-3126-12356A8210B6}.Release|Any CPU.ActiveCfg = Release|Any CPU
		{FC571577-F7BF-2673-3126-12356A8210B6}.Release|Any CPU.Build.0 = Release|Any CPU
		{FC571577-F7BF-2673-3126-12356A8210B6}.Release|x64.ActiveCfg = Release|Any CPU
		{FC571577-F7BF-2673-3126-12356A8210B6}.Release|x64.Build.0 = Release|Any CPU
		{FC571577-F7BF-2673-3126-12356A8210B6}.Release|x86.ActiveCfg = Release|Any CPU
		{FC571577-F7BF-2673-3126-12356A8210B6}.Release|x86.Build.0 = Release|Any CPU
		{703AF8D2-3EA8-4C98-9A1F-AC1856A74EC3}.Debug|Any CPU.ActiveCfg = Debug|Any CPU
		{703AF8D2-3EA8-4C98-9A1F-AC1856A74EC3}.Debug|Any CPU.Build.0 = Debug|Any CPU
		{703AF8D2-3EA8-4C98-9A1F-AC1856A74EC3}.Debug|x64.ActiveCfg = Debug|Any CPU
		{703AF8D2-3EA8-4C98-9A1F-AC1856A74EC3}.Debug|x64.Build.0 = Debug|Any CPU
		{703AF8D2-3EA8-4C98-9A1F-AC1856A74EC3}.Debug|x86.ActiveCfg = Debug|Any CPU
		{703AF8D2-3EA8-4C98-9A1F-AC1856A74EC3}.Debug|x86.Build.0 = Debug|Any CPU
		{703AF8D2-3EA8-4C98-9A1F-AC1856A74EC3}.Release|Any CPU.ActiveCfg = Release|Any CPU
		{703AF8D2-3EA8-4C98-9A1F-AC1856A74EC3}.Release|Any CPU.Build.0 = Release|Any CPU
		{703AF8D2-3EA8-4C98-9A1F-AC1856A74EC3}.Release|x64.ActiveCfg = Release|Any CPU
		{703AF8D2-3EA8-4C98-9A1F-AC1856A74EC3}.Release|x64.Build.0 = Release|Any CPU
		{703AF8D2-3EA8-4C98-9A1F-AC1856A74EC3}.Release|x86.ActiveCfg = Release|Any CPU
		{703AF8D2-3EA8-4C98-9A1F-AC1856A74EC3}.Release|x86.Build.0 = Release|Any CPU
		{9E761A76-169C-4615-873D-D5088079E291}.Debug|Any CPU.ActiveCfg = Debug|Any CPU
		{9E761A76-169C-4615-873D-D5088079E291}.Debug|Any CPU.Build.0 = Debug|Any CPU
		{9E761A76-169C-4615-873D-D5088079E291}.Debug|x64.ActiveCfg = Debug|Any CPU
		{9E761A76-169C-4615-873D-D5088079E291}.Debug|x64.Build.0 = Debug|Any CPU
		{9E761A76-169C-4615-873D-D5088079E291}.Debug|x86.ActiveCfg = Debug|Any CPU
		{9E761A76-169C-4615-873D-D5088079E291}.Debug|x86.Build.0 = Debug|Any CPU
		{9E761A76-169C-4615-873D-D5088079E291}.Release|Any CPU.ActiveCfg = Release|Any CPU
		{9E761A76-169C-4615-873D-D5088079E291}.Release|Any CPU.Build.0 = Release|Any CPU
		{9E761A76-169C-4615-873D-D5088079E291}.Release|x64.ActiveCfg = Release|Any CPU
		{9E761A76-169C-4615-873D-D5088079E291}.Release|x64.Build.0 = Release|Any CPU
		{9E761A76-169C-4615-873D-D5088079E291}.Release|x86.ActiveCfg = Release|Any CPU
		{9E761A76-169C-4615-873D-D5088079E291}.Release|x86.Build.0 = Release|Any CPU
		{9770C129-7709-CBD2-3487-273D2B44CFB2}.Debug|Any CPU.ActiveCfg = Debug|Any CPU
		{9770C129-7709-CBD2-3487-273D2B44CFB2}.Debug|Any CPU.Build.0 = Debug|Any CPU
		{9770C129-7709-CBD2-3487-273D2B44CFB2}.Debug|x64.ActiveCfg = Debug|Any CPU
		{9770C129-7709-CBD2-3487-273D2B44CFB2}.Debug|x64.Build.0 = Debug|Any CPU
		{9770C129-7709-CBD2-3487-273D2B44CFB2}.Debug|x86.ActiveCfg = Debug|Any CPU
		{9770C129-7709-CBD2-3487-273D2B44CFB2}.Debug|x86.Build.0 = Debug|Any CPU
		{9770C129-7709-CBD2-3487-273D2B44CFB2}.Release|Any CPU.ActiveCfg = Release|Any CPU
		{9770C129-7709-CBD2-3487-273D2B44CFB2}.Release|Any CPU.Build.0 = Release|Any CPU
		{9770C129-7709-CBD2-3487-273D2B44CFB2}.Release|x64.ActiveCfg = Release|Any CPU
		{9770C129-7709-CBD2-3487-273D2B44CFB2}.Release|x64.Build.0 = Release|Any CPU
		{9770C129-7709-CBD2-3487-273D2B44CFB2}.Release|x86.ActiveCfg = Release|Any CPU
		{9770C129-7709-CBD2-3487-273D2B44CFB2}.Release|x86.Build.0 = Release|Any CPU
		{006AF1B5-ACEA-77ED-9A03-A24E81C60C67}.Debug|Any CPU.ActiveCfg = Debug|Any CPU
		{006AF1B5-ACEA-77ED-9A03-A24E81C60C67}.Debug|Any CPU.Build.0 = Debug|Any CPU
		{006AF1B5-ACEA-77ED-9A03-A24E81C60C67}.Debug|x64.ActiveCfg = Debug|Any CPU
		{006AF1B5-ACEA-77ED-9A03-A24E81C60C67}.Debug|x64.Build.0 = Debug|Any CPU
		{006AF1B5-ACEA-77ED-9A03-A24E81C60C67}.Debug|x86.ActiveCfg = Debug|Any CPU
		{006AF1B5-ACEA-77ED-9A03-A24E81C60C67}.Debug|x86.Build.0 = Debug|Any CPU
		{006AF1B5-ACEA-77ED-9A03-A24E81C60C67}.Release|Any CPU.ActiveCfg = Release|Any CPU
		{006AF1B5-ACEA-77ED-9A03-A24E81C60C67}.Release|Any CPU.Build.0 = Release|Any CPU
		{006AF1B5-ACEA-77ED-9A03-A24E81C60C67}.Release|x64.ActiveCfg = Release|Any CPU
		{006AF1B5-ACEA-77ED-9A03-A24E81C60C67}.Release|x64.Build.0 = Release|Any CPU
		{006AF1B5-ACEA-77ED-9A03-A24E81C60C67}.Release|x86.ActiveCfg = Release|Any CPU
		{006AF1B5-ACEA-77ED-9A03-A24E81C60C67}.Release|x86.Build.0 = Release|Any CPU
		{A942BE63-FDD3-227E-4115-ED86B256A887}.Debug|Any CPU.ActiveCfg = Debug|Any CPU
		{A942BE63-FDD3-227E-4115-ED86B256A887}.Debug|Any CPU.Build.0 = Debug|Any CPU
		{A942BE63-FDD3-227E-4115-ED86B256A887}.Debug|x64.ActiveCfg = Debug|Any CPU
		{A942BE63-FDD3-227E-4115-ED86B256A887}.Debug|x64.Build.0 = Debug|Any CPU
		{A942BE63-FDD3-227E-4115-ED86B256A887}.Debug|x86.ActiveCfg = Debug|Any CPU
		{A942BE63-FDD3-227E-4115-ED86B256A887}.Debug|x86.Build.0 = Debug|Any CPU
		{A942BE63-FDD3-227E-4115-ED86B256A887}.Release|Any CPU.ActiveCfg = Release|Any CPU
		{A942BE63-FDD3-227E-4115-ED86B256A887}.Release|Any CPU.Build.0 = Release|Any CPU
		{A942BE63-FDD3-227E-4115-ED86B256A887}.Release|x64.ActiveCfg = Release|Any CPU
		{A942BE63-FDD3-227E-4115-ED86B256A887}.Release|x64.Build.0 = Release|Any CPU
		{A942BE63-FDD3-227E-4115-ED86B256A887}.Release|x86.ActiveCfg = Release|Any CPU
		{A942BE63-FDD3-227E-4115-ED86B256A887}.Release|x86.Build.0 = Release|Any CPU
		{2CA98054-2543-4E92-8FF4-2E42D68C7153}.Debug|Any CPU.ActiveCfg = Release|Any CPU
		{2CA98054-2543-4E92-8FF4-2E42D68C7153}.Debug|Any CPU.Build.0 = Release|Any CPU
		{2CA98054-2543-4E92-8FF4-2E42D68C7153}.Debug|x64.ActiveCfg = Debug|Any CPU
		{2CA98054-2543-4E92-8FF4-2E42D68C7153}.Debug|x64.Build.0 = Debug|Any CPU
		{2CA98054-2543-4E92-8FF4-2E42D68C7153}.Debug|x86.ActiveCfg = Debug|Any CPU
		{2CA98054-2543-4E92-8FF4-2E42D68C7153}.Debug|x86.Build.0 = Debug|Any CPU
		{2CA98054-2543-4E92-8FF4-2E42D68C7153}.Release|Any CPU.ActiveCfg = Release|Any CPU
		{2CA98054-2543-4E92-8FF4-2E42D68C7153}.Release|Any CPU.Build.0 = Release|Any CPU
		{2CA98054-2543-4E92-8FF4-2E42D68C7153}.Release|x64.ActiveCfg = Release|Any CPU
		{2CA98054-2543-4E92-8FF4-2E42D68C7153}.Release|x64.Build.0 = Release|Any CPU
		{2CA98054-2543-4E92-8FF4-2E42D68C7153}.Release|x86.ActiveCfg = Release|Any CPU
		{2CA98054-2543-4E92-8FF4-2E42D68C7153}.Release|x86.Build.0 = Release|Any CPU
		{65D72795-AF8B-41E9-ADB1-8361C06ABF52}.Debug|Any CPU.ActiveCfg = Release|Any CPU
		{65D72795-AF8B-41E9-ADB1-8361C06ABF52}.Debug|Any CPU.Build.0 = Release|Any CPU
		{65D72795-AF8B-41E9-ADB1-8361C06ABF52}.Debug|x64.ActiveCfg = Debug|Any CPU
		{65D72795-AF8B-41E9-ADB1-8361C06ABF52}.Debug|x64.Build.0 = Debug|Any CPU
		{65D72795-AF8B-41E9-ADB1-8361C06ABF52}.Debug|x86.ActiveCfg = Debug|Any CPU
		{65D72795-AF8B-41E9-ADB1-8361C06ABF52}.Debug|x86.Build.0 = Debug|Any CPU
		{65D72795-AF8B-41E9-ADB1-8361C06ABF52}.Release|Any CPU.ActiveCfg = Release|Any CPU
		{65D72795-AF8B-41E9-ADB1-8361C06ABF52}.Release|Any CPU.Build.0 = Release|Any CPU
		{65D72795-AF8B-41E9-ADB1-8361C06ABF52}.Release|x64.ActiveCfg = Release|Any CPU
		{65D72795-AF8B-41E9-ADB1-8361C06ABF52}.Release|x64.Build.0 = Release|Any CPU
		{65D72795-AF8B-41E9-ADB1-8361C06ABF52}.Release|x86.ActiveCfg = Release|Any CPU
		{65D72795-AF8B-41E9-ADB1-8361C06ABF52}.Release|x86.Build.0 = Release|Any CPU
		{10E907A6-7473-4211-BA6E-665AC66606EF}.Debug|Any CPU.ActiveCfg = Release|Any CPU
		{10E907A6-7473-4211-BA6E-665AC66606EF}.Debug|Any CPU.Build.0 = Release|Any CPU
		{10E907A6-7473-4211-BA6E-665AC66606EF}.Debug|x64.ActiveCfg = Debug|Any CPU
		{10E907A6-7473-4211-BA6E-665AC66606EF}.Debug|x64.Build.0 = Debug|Any CPU
		{10E907A6-7473-4211-BA6E-665AC66606EF}.Debug|x86.ActiveCfg = Debug|Any CPU
		{10E907A6-7473-4211-BA6E-665AC66606EF}.Debug|x86.Build.0 = Debug|Any CPU
		{10E907A6-7473-4211-BA6E-665AC66606EF}.Release|Any CPU.ActiveCfg = Release|Any CPU
		{10E907A6-7473-4211-BA6E-665AC66606EF}.Release|Any CPU.Build.0 = Release|Any CPU
		{10E907A6-7473-4211-BA6E-665AC66606EF}.Release|x64.ActiveCfg = Release|Any CPU
		{10E907A6-7473-4211-BA6E-665AC66606EF}.Release|x64.Build.0 = Release|Any CPU
		{10E907A6-7473-4211-BA6E-665AC66606EF}.Release|x86.ActiveCfg = Release|Any CPU
		{10E907A6-7473-4211-BA6E-665AC66606EF}.Release|x86.Build.0 = Release|Any CPU
		{44FEB554-DF16-4475-A04E-E0B201D88B29}.Debug|Any CPU.ActiveCfg = Release|Any CPU
		{44FEB554-DF16-4475-A04E-E0B201D88B29}.Debug|Any CPU.Build.0 = Release|Any CPU
		{44FEB554-DF16-4475-A04E-E0B201D88B29}.Debug|x64.ActiveCfg = Debug|Any CPU
		{44FEB554-DF16-4475-A04E-E0B201D88B29}.Debug|x64.Build.0 = Debug|Any CPU
		{44FEB554-DF16-4475-A04E-E0B201D88B29}.Debug|x86.ActiveCfg = Debug|Any CPU
		{44FEB554-DF16-4475-A04E-E0B201D88B29}.Debug|x86.Build.0 = Debug|Any CPU
		{44FEB554-DF16-4475-A04E-E0B201D88B29}.Release|Any CPU.ActiveCfg = Release|Any CPU
		{44FEB554-DF16-4475-A04E-E0B201D88B29}.Release|Any CPU.Build.0 = Release|Any CPU
		{44FEB554-DF16-4475-A04E-E0B201D88B29}.Release|x64.ActiveCfg = Release|Any CPU
		{44FEB554-DF16-4475-A04E-E0B201D88B29}.Release|x64.Build.0 = Release|Any CPU
		{44FEB554-DF16-4475-A04E-E0B201D88B29}.Release|x86.ActiveCfg = Release|Any CPU
		{44FEB554-DF16-4475-A04E-E0B201D88B29}.Release|x86.Build.0 = Release|Any CPU
		{23EA48D6-D034-46AE-A04D-22203A6DE92A}.Debug|Any CPU.ActiveCfg = Release|Any CPU
		{23EA48D6-D034-46AE-A04D-22203A6DE92A}.Debug|Any CPU.Build.0 = Release|Any CPU
		{23EA48D6-D034-46AE-A04D-22203A6DE92A}.Debug|x64.ActiveCfg = Debug|Any CPU
		{23EA48D6-D034-46AE-A04D-22203A6DE92A}.Debug|x64.Build.0 = Debug|Any CPU
		{23EA48D6-D034-46AE-A04D-22203A6DE92A}.Debug|x86.ActiveCfg = Debug|Any CPU
		{23EA48D6-D034-46AE-A04D-22203A6DE92A}.Debug|x86.Build.0 = Debug|Any CPU
		{23EA48D6-D034-46AE-A04D-22203A6DE92A}.Release|Any CPU.ActiveCfg = Release|Any CPU
		{23EA48D6-D034-46AE-A04D-22203A6DE92A}.Release|Any CPU.Build.0 = Release|Any CPU
		{23EA48D6-D034-46AE-A04D-22203A6DE92A}.Release|x64.ActiveCfg = Release|Any CPU
		{23EA48D6-D034-46AE-A04D-22203A6DE92A}.Release|x64.Build.0 = Release|Any CPU
		{23EA48D6-D034-46AE-A04D-22203A6DE92A}.Release|x86.ActiveCfg = Release|Any CPU
		{23EA48D6-D034-46AE-A04D-22203A6DE92A}.Release|x86.Build.0 = Release|Any CPU
		{A2FFFA0E-7CEA-4A64-B7CF-D5723596430C}.Debug|Any CPU.ActiveCfg = Release|Any CPU
		{A2FFFA0E-7CEA-4A64-B7CF-D5723596430C}.Debug|Any CPU.Build.0 = Release|Any CPU
		{A2FFFA0E-7CEA-4A64-B7CF-D5723596430C}.Debug|x64.ActiveCfg = Debug|Any CPU
		{A2FFFA0E-7CEA-4A64-B7CF-D5723596430C}.Debug|x64.Build.0 = Debug|Any CPU
		{A2FFFA0E-7CEA-4A64-B7CF-D5723596430C}.Debug|x86.ActiveCfg = Debug|Any CPU
		{A2FFFA0E-7CEA-4A64-B7CF-D5723596430C}.Debug|x86.Build.0 = Debug|Any CPU
		{A2FFFA0E-7CEA-4A64-B7CF-D5723596430C}.Release|Any CPU.ActiveCfg = Release|Any CPU
		{A2FFFA0E-7CEA-4A64-B7CF-D5723596430C}.Release|Any CPU.Build.0 = Release|Any CPU
		{A2FFFA0E-7CEA-4A64-B7CF-D5723596430C}.Release|x64.ActiveCfg = Release|Any CPU
		{A2FFFA0E-7CEA-4A64-B7CF-D5723596430C}.Release|x64.Build.0 = Release|Any CPU
		{A2FFFA0E-7CEA-4A64-B7CF-D5723596430C}.Release|x86.ActiveCfg = Release|Any CPU
		{A2FFFA0E-7CEA-4A64-B7CF-D5723596430C}.Release|x86.Build.0 = Release|Any CPU
		{F9F60B1D-DFBB-47A6-8E03-BA37D10BC041}.Debug|Any CPU.ActiveCfg = Release|Any CPU
		{F9F60B1D-DFBB-47A6-8E03-BA37D10BC041}.Debug|Any CPU.Build.0 = Release|Any CPU
		{F9F60B1D-DFBB-47A6-8E03-BA37D10BC041}.Debug|x64.ActiveCfg = Debug|Any CPU
		{F9F60B1D-DFBB-47A6-8E03-BA37D10BC041}.Debug|x64.Build.0 = Debug|Any CPU
		{F9F60B1D-DFBB-47A6-8E03-BA37D10BC041}.Debug|x86.ActiveCfg = Debug|Any CPU
		{F9F60B1D-DFBB-47A6-8E03-BA37D10BC041}.Debug|x86.Build.0 = Debug|Any CPU
		{F9F60B1D-DFBB-47A6-8E03-BA37D10BC041}.Release|Any CPU.ActiveCfg = Release|Any CPU
		{F9F60B1D-DFBB-47A6-8E03-BA37D10BC041}.Release|Any CPU.Build.0 = Release|Any CPU
		{F9F60B1D-DFBB-47A6-8E03-BA37D10BC041}.Release|x64.ActiveCfg = Release|Any CPU
		{F9F60B1D-DFBB-47A6-8E03-BA37D10BC041}.Release|x64.Build.0 = Release|Any CPU
		{F9F60B1D-DFBB-47A6-8E03-BA37D10BC041}.Release|x86.ActiveCfg = Release|Any CPU
		{F9F60B1D-DFBB-47A6-8E03-BA37D10BC041}.Release|x86.Build.0 = Release|Any CPU
		{228628B3-7379-E2CD-6CDD-3B9B3DA68928}.Debug|Any CPU.ActiveCfg = Debug|Any CPU
		{228628B3-7379-E2CD-6CDD-3B9B3DA68928}.Debug|Any CPU.Build.0 = Debug|Any CPU
		{228628B3-7379-E2CD-6CDD-3B9B3DA68928}.Debug|x64.ActiveCfg = Debug|Any CPU
		{228628B3-7379-E2CD-6CDD-3B9B3DA68928}.Debug|x64.Build.0 = Debug|Any CPU
		{228628B3-7379-E2CD-6CDD-3B9B3DA68928}.Debug|x86.ActiveCfg = Debug|Any CPU
		{228628B3-7379-E2CD-6CDD-3B9B3DA68928}.Debug|x86.Build.0 = Debug|Any CPU
		{228628B3-7379-E2CD-6CDD-3B9B3DA68928}.Release|Any CPU.ActiveCfg = Release|Any CPU
		{228628B3-7379-E2CD-6CDD-3B9B3DA68928}.Release|Any CPU.Build.0 = Release|Any CPU
		{228628B3-7379-E2CD-6CDD-3B9B3DA68928}.Release|x64.ActiveCfg = Release|Any CPU
		{228628B3-7379-E2CD-6CDD-3B9B3DA68928}.Release|x64.Build.0 = Release|Any CPU
		{228628B3-7379-E2CD-6CDD-3B9B3DA68928}.Release|x86.ActiveCfg = Release|Any CPU
		{228628B3-7379-E2CD-6CDD-3B9B3DA68928}.Release|x86.Build.0 = Release|Any CPU
		{C0499155-6B16-2D43-B9A5-91C9EFDDFBB8}.Debug|Any CPU.ActiveCfg = Debug|Any CPU
		{C0499155-6B16-2D43-B9A5-91C9EFDDFBB8}.Debug|Any CPU.Build.0 = Debug|Any CPU
		{C0499155-6B16-2D43-B9A5-91C9EFDDFBB8}.Debug|x64.ActiveCfg = Debug|Any CPU
		{C0499155-6B16-2D43-B9A5-91C9EFDDFBB8}.Debug|x64.Build.0 = Debug|Any CPU
		{C0499155-6B16-2D43-B9A5-91C9EFDDFBB8}.Debug|x86.ActiveCfg = Debug|Any CPU
		{C0499155-6B16-2D43-B9A5-91C9EFDDFBB8}.Debug|x86.Build.0 = Debug|Any CPU
		{C0499155-6B16-2D43-B9A5-91C9EFDDFBB8}.Release|Any CPU.ActiveCfg = Release|Any CPU
		{C0499155-6B16-2D43-B9A5-91C9EFDDFBB8}.Release|Any CPU.Build.0 = Release|Any CPU
		{C0499155-6B16-2D43-B9A5-91C9EFDDFBB8}.Release|x64.ActiveCfg = Release|Any CPU
		{C0499155-6B16-2D43-B9A5-91C9EFDDFBB8}.Release|x64.Build.0 = Release|Any CPU
		{C0499155-6B16-2D43-B9A5-91C9EFDDFBB8}.Release|x86.ActiveCfg = Release|Any CPU
		{C0499155-6B16-2D43-B9A5-91C9EFDDFBB8}.Release|x86.Build.0 = Release|Any CPU
		{BF408660-F100-486B-BDC6-8D0BBD2FC098}.Debug|Any CPU.ActiveCfg = Release|Any CPU
		{BF408660-F100-486B-BDC6-8D0BBD2FC098}.Debug|Any CPU.Build.0 = Release|Any CPU
		{BF408660-F100-486B-BDC6-8D0BBD2FC098}.Debug|x64.ActiveCfg = Debug|Any CPU
		{BF408660-F100-486B-BDC6-8D0BBD2FC098}.Debug|x64.Build.0 = Debug|Any CPU
		{BF408660-F100-486B-BDC6-8D0BBD2FC098}.Debug|x86.ActiveCfg = Debug|Any CPU
		{BF408660-F100-486B-BDC6-8D0BBD2FC098}.Debug|x86.Build.0 = Debug|Any CPU
		{BF408660-F100-486B-BDC6-8D0BBD2FC098}.Release|Any CPU.ActiveCfg = Release|Any CPU
		{BF408660-F100-486B-BDC6-8D0BBD2FC098}.Release|Any CPU.Build.0 = Release|Any CPU
		{BF408660-F100-486B-BDC6-8D0BBD2FC098}.Release|x64.ActiveCfg = Release|Any CPU
		{BF408660-F100-486B-BDC6-8D0BBD2FC098}.Release|x64.Build.0 = Release|Any CPU
		{BF408660-F100-486B-BDC6-8D0BBD2FC098}.Release|x86.ActiveCfg = Release|Any CPU
		{BF408660-F100-486B-BDC6-8D0BBD2FC098}.Release|x86.Build.0 = Release|Any CPU
		{6BFC2FE0-6509-44E3-977D-B1F840C30535}.Debug|Any CPU.ActiveCfg = Release|Any CPU
		{6BFC2FE0-6509-44E3-977D-B1F840C30535}.Debug|Any CPU.Build.0 = Release|Any CPU
		{6BFC2FE0-6509-44E3-977D-B1F840C30535}.Debug|x64.ActiveCfg = Debug|Any CPU
		{6BFC2FE0-6509-44E3-977D-B1F840C30535}.Debug|x64.Build.0 = Debug|Any CPU
		{6BFC2FE0-6509-44E3-977D-B1F840C30535}.Debug|x86.ActiveCfg = Debug|Any CPU
		{6BFC2FE0-6509-44E3-977D-B1F840C30535}.Debug|x86.Build.0 = Debug|Any CPU
		{6BFC2FE0-6509-44E3-977D-B1F840C30535}.Release|Any CPU.ActiveCfg = Release|Any CPU
		{6BFC2FE0-6509-44E3-977D-B1F840C30535}.Release|Any CPU.Build.0 = Release|Any CPU
		{6BFC2FE0-6509-44E3-977D-B1F840C30535}.Release|x64.ActiveCfg = Release|Any CPU
		{6BFC2FE0-6509-44E3-977D-B1F840C30535}.Release|x64.Build.0 = Release|Any CPU
		{6BFC2FE0-6509-44E3-977D-B1F840C30535}.Release|x86.ActiveCfg = Release|Any CPU
		{6BFC2FE0-6509-44E3-977D-B1F840C30535}.Release|x86.Build.0 = Release|Any CPU
		{0D585E4F-FE46-2C69-CE3F-3D0078F5DEF0}.Debug|Any CPU.ActiveCfg = Debug|Any CPU
		{0D585E4F-FE46-2C69-CE3F-3D0078F5DEF0}.Debug|Any CPU.Build.0 = Debug|Any CPU
		{0D585E4F-FE46-2C69-CE3F-3D0078F5DEF0}.Debug|x64.ActiveCfg = Debug|Any CPU
		{0D585E4F-FE46-2C69-CE3F-3D0078F5DEF0}.Debug|x64.Build.0 = Debug|Any CPU
		{0D585E4F-FE46-2C69-CE3F-3D0078F5DEF0}.Debug|x86.ActiveCfg = Debug|Any CPU
		{0D585E4F-FE46-2C69-CE3F-3D0078F5DEF0}.Debug|x86.Build.0 = Debug|Any CPU
		{0D585E4F-FE46-2C69-CE3F-3D0078F5DEF0}.Release|Any CPU.ActiveCfg = Release|Any CPU
		{0D585E4F-FE46-2C69-CE3F-3D0078F5DEF0}.Release|Any CPU.Build.0 = Release|Any CPU
		{0D585E4F-FE46-2C69-CE3F-3D0078F5DEF0}.Release|x64.ActiveCfg = Release|Any CPU
		{0D585E4F-FE46-2C69-CE3F-3D0078F5DEF0}.Release|x64.Build.0 = Release|Any CPU
		{0D585E4F-FE46-2C69-CE3F-3D0078F5DEF0}.Release|x86.ActiveCfg = Release|Any CPU
		{0D585E4F-FE46-2C69-CE3F-3D0078F5DEF0}.Release|x86.Build.0 = Release|Any CPU
		{950A8E30-4B89-4D1F-A67F-DAF9DC492799}.Debug|Any CPU.ActiveCfg = Debug|Any CPU
		{950A8E30-4B89-4D1F-A67F-DAF9DC492799}.Debug|Any CPU.Build.0 = Debug|Any CPU
		{950A8E30-4B89-4D1F-A67F-DAF9DC492799}.Debug|x64.ActiveCfg = Debug|Any CPU
		{950A8E30-4B89-4D1F-A67F-DAF9DC492799}.Debug|x64.Build.0 = Debug|Any CPU
		{950A8E30-4B89-4D1F-A67F-DAF9DC492799}.Debug|x86.ActiveCfg = Debug|Any CPU
		{950A8E30-4B89-4D1F-A67F-DAF9DC492799}.Debug|x86.Build.0 = Debug|Any CPU
		{950A8E30-4B89-4D1F-A67F-DAF9DC492799}.Release|Any CPU.ActiveCfg = Release|Any CPU
		{950A8E30-4B89-4D1F-A67F-DAF9DC492799}.Release|Any CPU.Build.0 = Release|Any CPU
		{950A8E30-4B89-4D1F-A67F-DAF9DC492799}.Release|x64.ActiveCfg = Release|Any CPU
		{950A8E30-4B89-4D1F-A67F-DAF9DC492799}.Release|x64.Build.0 = Release|Any CPU
		{950A8E30-4B89-4D1F-A67F-DAF9DC492799}.Release|x86.ActiveCfg = Release|Any CPU
		{950A8E30-4B89-4D1F-A67F-DAF9DC492799}.Release|x86.Build.0 = Release|Any CPU
		{F536DFA7-F1C8-3869-8CE2-00B45DDBE4F4}.Debug|Any CPU.ActiveCfg = Debug|Any CPU
		{F536DFA7-F1C8-3869-8CE2-00B45DDBE4F4}.Debug|Any CPU.Build.0 = Debug|Any CPU
		{F536DFA7-F1C8-3869-8CE2-00B45DDBE4F4}.Debug|x64.ActiveCfg = Debug|Any CPU
		{F536DFA7-F1C8-3869-8CE2-00B45DDBE4F4}.Debug|x64.Build.0 = Debug|Any CPU
		{F536DFA7-F1C8-3869-8CE2-00B45DDBE4F4}.Debug|x86.ActiveCfg = Debug|Any CPU
		{F536DFA7-F1C8-3869-8CE2-00B45DDBE4F4}.Debug|x86.Build.0 = Debug|Any CPU
		{F536DFA7-F1C8-3869-8CE2-00B45DDBE4F4}.Release|Any CPU.ActiveCfg = Release|Any CPU
		{F536DFA7-F1C8-3869-8CE2-00B45DDBE4F4}.Release|Any CPU.Build.0 = Release|Any CPU
		{F536DFA7-F1C8-3869-8CE2-00B45DDBE4F4}.Release|x64.ActiveCfg = Release|Any CPU
		{F536DFA7-F1C8-3869-8CE2-00B45DDBE4F4}.Release|x64.Build.0 = Release|Any CPU
		{F536DFA7-F1C8-3869-8CE2-00B45DDBE4F4}.Release|x86.ActiveCfg = Release|Any CPU
		{F536DFA7-F1C8-3869-8CE2-00B45DDBE4F4}.Release|x86.Build.0 = Release|Any CPU
		{9994F47B-4C95-47C5-BA38-F1F4F78D0F47}.Debug|Any CPU.ActiveCfg = Debug|Any CPU
		{9994F47B-4C95-47C5-BA38-F1F4F78D0F47}.Debug|Any CPU.Build.0 = Debug|Any CPU
		{9994F47B-4C95-47C5-BA38-F1F4F78D0F47}.Debug|x64.ActiveCfg = Debug|Any CPU
		{9994F47B-4C95-47C5-BA38-F1F4F78D0F47}.Debug|x64.Build.0 = Debug|Any CPU
		{9994F47B-4C95-47C5-BA38-F1F4F78D0F47}.Debug|x86.ActiveCfg = Debug|Any CPU
		{9994F47B-4C95-47C5-BA38-F1F4F78D0F47}.Debug|x86.Build.0 = Debug|Any CPU
		{9994F47B-4C95-47C5-BA38-F1F4F78D0F47}.Release|Any CPU.ActiveCfg = Release|Any CPU
		{9994F47B-4C95-47C5-BA38-F1F4F78D0F47}.Release|Any CPU.Build.0 = Release|Any CPU
		{9994F47B-4C95-47C5-BA38-F1F4F78D0F47}.Release|x64.ActiveCfg = Release|Any CPU
		{9994F47B-4C95-47C5-BA38-F1F4F78D0F47}.Release|x64.Build.0 = Release|Any CPU
		{9994F47B-4C95-47C5-BA38-F1F4F78D0F47}.Release|x86.ActiveCfg = Release|Any CPU
		{9994F47B-4C95-47C5-BA38-F1F4F78D0F47}.Release|x86.Build.0 = Release|Any CPU
		{3C43619D-62AA-4DFB-873A-8715C15A22B9}.Debug|Any CPU.ActiveCfg = Debug|Any CPU
		{3C43619D-62AA-4DFB-873A-8715C15A22B9}.Debug|Any CPU.Build.0 = Debug|Any CPU
		{3C43619D-62AA-4DFB-873A-8715C15A22B9}.Debug|x64.ActiveCfg = Debug|Any CPU
		{3C43619D-62AA-4DFB-873A-8715C15A22B9}.Debug|x64.Build.0 = Debug|Any CPU
		{3C43619D-62AA-4DFB-873A-8715C15A22B9}.Debug|x86.ActiveCfg = Debug|Any CPU
		{3C43619D-62AA-4DFB-873A-8715C15A22B9}.Debug|x86.Build.0 = Debug|Any CPU
		{3C43619D-62AA-4DFB-873A-8715C15A22B9}.Release|Any CPU.ActiveCfg = Release|Any CPU
		{3C43619D-62AA-4DFB-873A-8715C15A22B9}.Release|Any CPU.Build.0 = Release|Any CPU
		{3C43619D-62AA-4DFB-873A-8715C15A22B9}.Release|x64.ActiveCfg = Release|Any CPU
		{3C43619D-62AA-4DFB-873A-8715C15A22B9}.Release|x64.Build.0 = Release|Any CPU
		{3C43619D-62AA-4DFB-873A-8715C15A22B9}.Release|x86.ActiveCfg = Release|Any CPU
		{3C43619D-62AA-4DFB-873A-8715C15A22B9}.Release|x86.Build.0 = Release|Any CPU
		{4BB2AC90-C703-4588-9E4D-A6AC304C7378}.Debug|Any CPU.ActiveCfg = Debug|Any CPU
		{4BB2AC90-C703-4588-9E4D-A6AC304C7378}.Debug|Any CPU.Build.0 = Debug|Any CPU
		{4BB2AC90-C703-4588-9E4D-A6AC304C7378}.Debug|x64.ActiveCfg = Debug|Any CPU
		{4BB2AC90-C703-4588-9E4D-A6AC304C7378}.Debug|x64.Build.0 = Debug|Any CPU
		{4BB2AC90-C703-4588-9E4D-A6AC304C7378}.Debug|x86.ActiveCfg = Debug|Any CPU
		{4BB2AC90-C703-4588-9E4D-A6AC304C7378}.Debug|x86.Build.0 = Debug|Any CPU
		{4BB2AC90-C703-4588-9E4D-A6AC304C7378}.Release|Any CPU.ActiveCfg = Release|Any CPU
		{4BB2AC90-C703-4588-9E4D-A6AC304C7378}.Release|Any CPU.Build.0 = Release|Any CPU
		{4BB2AC90-C703-4588-9E4D-A6AC304C7378}.Release|x64.ActiveCfg = Release|Any CPU
		{4BB2AC90-C703-4588-9E4D-A6AC304C7378}.Release|x64.Build.0 = Release|Any CPU
		{4BB2AC90-C703-4588-9E4D-A6AC304C7378}.Release|x86.ActiveCfg = Release|Any CPU
		{4BB2AC90-C703-4588-9E4D-A6AC304C7378}.Release|x86.Build.0 = Release|Any CPU
		{D1AA9993-0205-4AEE-A55C-C5E4204F6EBE}.Debug|Any CPU.ActiveCfg = Debug|Any CPU
		{D1AA9993-0205-4AEE-A55C-C5E4204F6EBE}.Debug|Any CPU.Build.0 = Debug|Any CPU
		{D1AA9993-0205-4AEE-A55C-C5E4204F6EBE}.Debug|x64.ActiveCfg = Debug|Any CPU
		{D1AA9993-0205-4AEE-A55C-C5E4204F6EBE}.Debug|x64.Build.0 = Debug|Any CPU
		{D1AA9993-0205-4AEE-A55C-C5E4204F6EBE}.Debug|x86.ActiveCfg = Debug|Any CPU
		{D1AA9993-0205-4AEE-A55C-C5E4204F6EBE}.Debug|x86.Build.0 = Debug|Any CPU
		{D1AA9993-0205-4AEE-A55C-C5E4204F6EBE}.Release|Any CPU.ActiveCfg = Release|Any CPU
		{D1AA9993-0205-4AEE-A55C-C5E4204F6EBE}.Release|Any CPU.Build.0 = Release|Any CPU
		{D1AA9993-0205-4AEE-A55C-C5E4204F6EBE}.Release|x64.ActiveCfg = Release|Any CPU
		{D1AA9993-0205-4AEE-A55C-C5E4204F6EBE}.Release|x64.Build.0 = Release|Any CPU
		{D1AA9993-0205-4AEE-A55C-C5E4204F6EBE}.Release|x86.ActiveCfg = Release|Any CPU
		{D1AA9993-0205-4AEE-A55C-C5E4204F6EBE}.Release|x86.Build.0 = Release|Any CPU
		{0804808C-B5D8-2502-4487-338DFF26D00B}.Debug|Any CPU.ActiveCfg = Debug|Any CPU
		{0804808C-B5D8-2502-4487-338DFF26D00B}.Debug|Any CPU.Build.0 = Debug|Any CPU
		{0804808C-B5D8-2502-4487-338DFF26D00B}.Debug|x64.ActiveCfg = Debug|Any CPU
		{0804808C-B5D8-2502-4487-338DFF26D00B}.Debug|x64.Build.0 = Debug|Any CPU
		{0804808C-B5D8-2502-4487-338DFF26D00B}.Debug|x86.ActiveCfg = Debug|Any CPU
		{0804808C-B5D8-2502-4487-338DFF26D00B}.Debug|x86.Build.0 = Debug|Any CPU
		{0804808C-B5D8-2502-4487-338DFF26D00B}.Release|Any CPU.ActiveCfg = Release|Any CPU
		{0804808C-B5D8-2502-4487-338DFF26D00B}.Release|Any CPU.Build.0 = Release|Any CPU
		{0804808C-B5D8-2502-4487-338DFF26D00B}.Release|x64.ActiveCfg = Release|Any CPU
		{0804808C-B5D8-2502-4487-338DFF26D00B}.Release|x64.Build.0 = Release|Any CPU
		{0804808C-B5D8-2502-4487-338DFF26D00B}.Release|x86.ActiveCfg = Release|Any CPU
		{0804808C-B5D8-2502-4487-338DFF26D00B}.Release|x86.Build.0 = Release|Any CPU
		{3EA9F4AC-A7CB-4AF8-A609-2B6FE3D768A1}.Debug|Any CPU.ActiveCfg = Debug|Any CPU
		{3EA9F4AC-A7CB-4AF8-A609-2B6FE3D768A1}.Debug|Any CPU.Build.0 = Debug|Any CPU
		{3EA9F4AC-A7CB-4AF8-A609-2B6FE3D768A1}.Debug|x64.ActiveCfg = Debug|Any CPU
		{3EA9F4AC-A7CB-4AF8-A609-2B6FE3D768A1}.Debug|x64.Build.0 = Debug|Any CPU
		{3EA9F4AC-A7CB-4AF8-A609-2B6FE3D768A1}.Debug|x86.ActiveCfg = Debug|Any CPU
		{3EA9F4AC-A7CB-4AF8-A609-2B6FE3D768A1}.Debug|x86.Build.0 = Debug|Any CPU
		{3EA9F4AC-A7CB-4AF8-A609-2B6FE3D768A1}.Release|Any CPU.ActiveCfg = Release|Any CPU
		{3EA9F4AC-A7CB-4AF8-A609-2B6FE3D768A1}.Release|Any CPU.Build.0 = Release|Any CPU
		{3EA9F4AC-A7CB-4AF8-A609-2B6FE3D768A1}.Release|x64.ActiveCfg = Release|Any CPU
		{3EA9F4AC-A7CB-4AF8-A609-2B6FE3D768A1}.Release|x64.Build.0 = Release|Any CPU
		{3EA9F4AC-A7CB-4AF8-A609-2B6FE3D768A1}.Release|x86.ActiveCfg = Release|Any CPU
		{3EA9F4AC-A7CB-4AF8-A609-2B6FE3D768A1}.Release|x86.Build.0 = Release|Any CPU
		{E2921A46-A370-4E52-86C8-EE79E7C090BD}.Debug|Any CPU.ActiveCfg = Debug|Any CPU
		{E2921A46-A370-4E52-86C8-EE79E7C090BD}.Debug|Any CPU.Build.0 = Debug|Any CPU
		{E2921A46-A370-4E52-86C8-EE79E7C090BD}.Debug|x64.ActiveCfg = Debug|Any CPU
		{E2921A46-A370-4E52-86C8-EE79E7C090BD}.Debug|x64.Build.0 = Debug|Any CPU
		{E2921A46-A370-4E52-86C8-EE79E7C090BD}.Debug|x86.ActiveCfg = Debug|Any CPU
		{E2921A46-A370-4E52-86C8-EE79E7C090BD}.Debug|x86.Build.0 = Debug|Any CPU
		{E2921A46-A370-4E52-86C8-EE79E7C090BD}.Release|Any CPU.ActiveCfg = Release|Any CPU
		{E2921A46-A370-4E52-86C8-EE79E7C090BD}.Release|Any CPU.Build.0 = Release|Any CPU
		{E2921A46-A370-4E52-86C8-EE79E7C090BD}.Release|x64.ActiveCfg = Release|Any CPU
		{E2921A46-A370-4E52-86C8-EE79E7C090BD}.Release|x64.Build.0 = Release|Any CPU
		{E2921A46-A370-4E52-86C8-EE79E7C090BD}.Release|x86.ActiveCfg = Release|Any CPU
		{E2921A46-A370-4E52-86C8-EE79E7C090BD}.Release|x86.Build.0 = Release|Any CPU
		{292453CA-424F-22B8-DEE6-EFB2B404FF3C}.Debug|Any CPU.ActiveCfg = Debug|Any CPU
		{292453CA-424F-22B8-DEE6-EFB2B404FF3C}.Debug|Any CPU.Build.0 = Debug|Any CPU
		{292453CA-424F-22B8-DEE6-EFB2B404FF3C}.Debug|x64.ActiveCfg = Debug|Any CPU
		{292453CA-424F-22B8-DEE6-EFB2B404FF3C}.Debug|x64.Build.0 = Debug|Any CPU
		{292453CA-424F-22B8-DEE6-EFB2B404FF3C}.Debug|x86.ActiveCfg = Debug|Any CPU
		{292453CA-424F-22B8-DEE6-EFB2B404FF3C}.Debug|x86.Build.0 = Debug|Any CPU
		{292453CA-424F-22B8-DEE6-EFB2B404FF3C}.Release|Any CPU.ActiveCfg = Release|Any CPU
		{292453CA-424F-22B8-DEE6-EFB2B404FF3C}.Release|Any CPU.Build.0 = Release|Any CPU
		{292453CA-424F-22B8-DEE6-EFB2B404FF3C}.Release|x64.ActiveCfg = Release|Any CPU
		{292453CA-424F-22B8-DEE6-EFB2B404FF3C}.Release|x64.Build.0 = Release|Any CPU
		{292453CA-424F-22B8-DEE6-EFB2B404FF3C}.Release|x86.ActiveCfg = Release|Any CPU
		{292453CA-424F-22B8-DEE6-EFB2B404FF3C}.Release|x86.Build.0 = Release|Any CPU
		{0ADE1275-E828-4C6F-BAE7-0D8F357977D8}.Debug|Any CPU.ActiveCfg = Debug|Any CPU
		{0ADE1275-E828-4C6F-BAE7-0D8F357977D8}.Debug|Any CPU.Build.0 = Debug|Any CPU
		{0ADE1275-E828-4C6F-BAE7-0D8F357977D8}.Debug|x64.ActiveCfg = Debug|Any CPU
		{0ADE1275-E828-4C6F-BAE7-0D8F357977D8}.Debug|x64.Build.0 = Debug|Any CPU
		{0ADE1275-E828-4C6F-BAE7-0D8F357977D8}.Debug|x86.ActiveCfg = Debug|Any CPU
		{0ADE1275-E828-4C6F-BAE7-0D8F357977D8}.Debug|x86.Build.0 = Debug|Any CPU
		{0ADE1275-E828-4C6F-BAE7-0D8F357977D8}.Release|Any CPU.ActiveCfg = Release|Any CPU
		{0ADE1275-E828-4C6F-BAE7-0D8F357977D8}.Release|Any CPU.Build.0 = Release|Any CPU
		{0ADE1275-E828-4C6F-BAE7-0D8F357977D8}.Release|x64.ActiveCfg = Release|Any CPU
		{0ADE1275-E828-4C6F-BAE7-0D8F357977D8}.Release|x64.Build.0 = Release|Any CPU
		{0ADE1275-E828-4C6F-BAE7-0D8F357977D8}.Release|x86.ActiveCfg = Release|Any CPU
		{0ADE1275-E828-4C6F-BAE7-0D8F357977D8}.Release|x86.Build.0 = Release|Any CPU
		{873F3E4D-23D4-4399-8D92-189502EB6789}.Debug|Any CPU.ActiveCfg = Debug|Any CPU
		{873F3E4D-23D4-4399-8D92-189502EB6789}.Debug|Any CPU.Build.0 = Debug|Any CPU
		{873F3E4D-23D4-4399-8D92-189502EB6789}.Debug|x64.ActiveCfg = Debug|Any CPU
		{873F3E4D-23D4-4399-8D92-189502EB6789}.Debug|x64.Build.0 = Debug|Any CPU
		{873F3E4D-23D4-4399-8D92-189502EB6789}.Debug|x86.ActiveCfg = Debug|Any CPU
		{873F3E4D-23D4-4399-8D92-189502EB6789}.Debug|x86.Build.0 = Debug|Any CPU
		{873F3E4D-23D4-4399-8D92-189502EB6789}.Release|Any CPU.ActiveCfg = Release|Any CPU
		{873F3E4D-23D4-4399-8D92-189502EB6789}.Release|Any CPU.Build.0 = Release|Any CPU
		{873F3E4D-23D4-4399-8D92-189502EB6789}.Release|x64.ActiveCfg = Release|Any CPU
		{873F3E4D-23D4-4399-8D92-189502EB6789}.Release|x64.Build.0 = Release|Any CPU
		{873F3E4D-23D4-4399-8D92-189502EB6789}.Release|x86.ActiveCfg = Release|Any CPU
		{873F3E4D-23D4-4399-8D92-189502EB6789}.Release|x86.Build.0 = Release|Any CPU
		{F9F25357-80DA-47F7-A676-DDA4114C959E}.Debug|Any CPU.ActiveCfg = Debug|Any CPU
		{F9F25357-80DA-47F7-A676-DDA4114C959E}.Debug|Any CPU.Build.0 = Debug|Any CPU
		{F9F25357-80DA-47F7-A676-DDA4114C959E}.Debug|x64.ActiveCfg = Debug|Any CPU
		{F9F25357-80DA-47F7-A676-DDA4114C959E}.Debug|x64.Build.0 = Debug|Any CPU
		{F9F25357-80DA-47F7-A676-DDA4114C959E}.Debug|x86.ActiveCfg = Debug|Any CPU
		{F9F25357-80DA-47F7-A676-DDA4114C959E}.Debug|x86.Build.0 = Debug|Any CPU
		{F9F25357-80DA-47F7-A676-DDA4114C959E}.Release|Any CPU.ActiveCfg = Release|Any CPU
		{F9F25357-80DA-47F7-A676-DDA4114C959E}.Release|Any CPU.Build.0 = Release|Any CPU
		{F9F25357-80DA-47F7-A676-DDA4114C959E}.Release|x64.ActiveCfg = Release|Any CPU
		{F9F25357-80DA-47F7-A676-DDA4114C959E}.Release|x64.Build.0 = Release|Any CPU
		{F9F25357-80DA-47F7-A676-DDA4114C959E}.Release|x86.ActiveCfg = Release|Any CPU
		{F9F25357-80DA-47F7-A676-DDA4114C959E}.Release|x86.Build.0 = Release|Any CPU
		{A15143BE-149A-4545-B29E-DCCC9CB80B31}.Debug|Any CPU.ActiveCfg = Debug|Any CPU
		{A15143BE-149A-4545-B29E-DCCC9CB80B31}.Debug|Any CPU.Build.0 = Debug|Any CPU
		{A15143BE-149A-4545-B29E-DCCC9CB80B31}.Debug|x64.ActiveCfg = Debug|Any CPU
		{A15143BE-149A-4545-B29E-DCCC9CB80B31}.Debug|x64.Build.0 = Debug|Any CPU
		{A15143BE-149A-4545-B29E-DCCC9CB80B31}.Debug|x86.ActiveCfg = Debug|Any CPU
		{A15143BE-149A-4545-B29E-DCCC9CB80B31}.Debug|x86.Build.0 = Debug|Any CPU
		{A15143BE-149A-4545-B29E-DCCC9CB80B31}.Release|Any CPU.ActiveCfg = Release|Any CPU
		{A15143BE-149A-4545-B29E-DCCC9CB80B31}.Release|Any CPU.Build.0 = Release|Any CPU
		{A15143BE-149A-4545-B29E-DCCC9CB80B31}.Release|x64.ActiveCfg = Release|Any CPU
		{A15143BE-149A-4545-B29E-DCCC9CB80B31}.Release|x64.Build.0 = Release|Any CPU
		{A15143BE-149A-4545-B29E-DCCC9CB80B31}.Release|x86.ActiveCfg = Release|Any CPU
		{A15143BE-149A-4545-B29E-DCCC9CB80B31}.Release|x86.Build.0 = Release|Any CPU
		{38191DD5-B893-41FF-9717-35F97C988252}.Debug|Any CPU.ActiveCfg = Debug|Any CPU
		{38191DD5-B893-41FF-9717-35F97C988252}.Debug|Any CPU.Build.0 = Debug|Any CPU
		{38191DD5-B893-41FF-9717-35F97C988252}.Debug|x64.ActiveCfg = Debug|Any CPU
		{38191DD5-B893-41FF-9717-35F97C988252}.Debug|x64.Build.0 = Debug|Any CPU
		{38191DD5-B893-41FF-9717-35F97C988252}.Debug|x86.ActiveCfg = Debug|Any CPU
		{38191DD5-B893-41FF-9717-35F97C988252}.Debug|x86.Build.0 = Debug|Any CPU
		{38191DD5-B893-41FF-9717-35F97C988252}.Release|Any CPU.ActiveCfg = Release|Any CPU
		{38191DD5-B893-41FF-9717-35F97C988252}.Release|Any CPU.Build.0 = Release|Any CPU
		{38191DD5-B893-41FF-9717-35F97C988252}.Release|x64.ActiveCfg = Release|Any CPU
		{38191DD5-B893-41FF-9717-35F97C988252}.Release|x64.Build.0 = Release|Any CPU
		{38191DD5-B893-41FF-9717-35F97C988252}.Release|x86.ActiveCfg = Release|Any CPU
		{38191DD5-B893-41FF-9717-35F97C988252}.Release|x86.Build.0 = Release|Any CPU
		{05E39293-1D45-3F8B-E655-8F19718C89AD}.Debug|Any CPU.ActiveCfg = Debug|Any CPU
		{05E39293-1D45-3F8B-E655-8F19718C89AD}.Debug|Any CPU.Build.0 = Debug|Any CPU
		{05E39293-1D45-3F8B-E655-8F19718C89AD}.Debug|x64.ActiveCfg = Debug|Any CPU
		{05E39293-1D45-3F8B-E655-8F19718C89AD}.Debug|x64.Build.0 = Debug|Any CPU
		{05E39293-1D45-3F8B-E655-8F19718C89AD}.Debug|x86.ActiveCfg = Debug|Any CPU
		{05E39293-1D45-3F8B-E655-8F19718C89AD}.Debug|x86.Build.0 = Debug|Any CPU
		{05E39293-1D45-3F8B-E655-8F19718C89AD}.Release|Any CPU.ActiveCfg = Release|Any CPU
		{05E39293-1D45-3F8B-E655-8F19718C89AD}.Release|Any CPU.Build.0 = Release|Any CPU
		{05E39293-1D45-3F8B-E655-8F19718C89AD}.Release|x64.ActiveCfg = Release|Any CPU
		{05E39293-1D45-3F8B-E655-8F19718C89AD}.Release|x64.Build.0 = Release|Any CPU
		{05E39293-1D45-3F8B-E655-8F19718C89AD}.Release|x86.ActiveCfg = Release|Any CPU
		{05E39293-1D45-3F8B-E655-8F19718C89AD}.Release|x86.Build.0 = Release|Any CPU
		{E9242D41-BB25-4EFC-94B4-0D1ACC57A3CE}.Debug|Any CPU.ActiveCfg = Debug|Any CPU
		{E9242D41-BB25-4EFC-94B4-0D1ACC57A3CE}.Debug|Any CPU.Build.0 = Debug|Any CPU
		{E9242D41-BB25-4EFC-94B4-0D1ACC57A3CE}.Debug|x64.ActiveCfg = Debug|Any CPU
		{E9242D41-BB25-4EFC-94B4-0D1ACC57A3CE}.Debug|x64.Build.0 = Debug|Any CPU
		{E9242D41-BB25-4EFC-94B4-0D1ACC57A3CE}.Debug|x86.ActiveCfg = Debug|Any CPU
		{E9242D41-BB25-4EFC-94B4-0D1ACC57A3CE}.Debug|x86.Build.0 = Debug|Any CPU
		{E9242D41-BB25-4EFC-94B4-0D1ACC57A3CE}.Release|Any CPU.ActiveCfg = Release|Any CPU
		{E9242D41-BB25-4EFC-94B4-0D1ACC57A3CE}.Release|Any CPU.Build.0 = Release|Any CPU
		{E9242D41-BB25-4EFC-94B4-0D1ACC57A3CE}.Release|x64.ActiveCfg = Release|Any CPU
		{E9242D41-BB25-4EFC-94B4-0D1ACC57A3CE}.Release|x64.Build.0 = Release|Any CPU
		{E9242D41-BB25-4EFC-94B4-0D1ACC57A3CE}.Release|x86.ActiveCfg = Release|Any CPU
		{E9242D41-BB25-4EFC-94B4-0D1ACC57A3CE}.Release|x86.Build.0 = Release|Any CPU
		{71AE0FD5-7EB3-4F18-BCC8-E13983DDFDED}.Debug|Any CPU.ActiveCfg = Debug|Any CPU
		{71AE0FD5-7EB3-4F18-BCC8-E13983DDFDED}.Debug|Any CPU.Build.0 = Debug|Any CPU
		{71AE0FD5-7EB3-4F18-BCC8-E13983DDFDED}.Debug|x64.ActiveCfg = Debug|Any CPU
		{71AE0FD5-7EB3-4F18-BCC8-E13983DDFDED}.Debug|x64.Build.0 = Debug|Any CPU
		{71AE0FD5-7EB3-4F18-BCC8-E13983DDFDED}.Debug|x86.ActiveCfg = Debug|Any CPU
		{71AE0FD5-7EB3-4F18-BCC8-E13983DDFDED}.Debug|x86.Build.0 = Debug|Any CPU
		{71AE0FD5-7EB3-4F18-BCC8-E13983DDFDED}.Release|Any CPU.ActiveCfg = Release|Any CPU
		{71AE0FD5-7EB3-4F18-BCC8-E13983DDFDED}.Release|Any CPU.Build.0 = Release|Any CPU
		{71AE0FD5-7EB3-4F18-BCC8-E13983DDFDED}.Release|x64.ActiveCfg = Release|Any CPU
		{71AE0FD5-7EB3-4F18-BCC8-E13983DDFDED}.Release|x64.Build.0 = Release|Any CPU
		{71AE0FD5-7EB3-4F18-BCC8-E13983DDFDED}.Release|x86.ActiveCfg = Release|Any CPU
		{71AE0FD5-7EB3-4F18-BCC8-E13983DDFDED}.Release|x86.Build.0 = Release|Any CPU
		{A008E5CE-E261-4584-8D3B-48D68EFDEFCD}.Debug|Any CPU.ActiveCfg = Debug|Any CPU
		{A008E5CE-E261-4584-8D3B-48D68EFDEFCD}.Debug|Any CPU.Build.0 = Debug|Any CPU
		{A008E5CE-E261-4584-8D3B-48D68EFDEFCD}.Debug|x64.ActiveCfg = Debug|Any CPU
		{A008E5CE-E261-4584-8D3B-48D68EFDEFCD}.Debug|x64.Build.0 = Debug|Any CPU
		{A008E5CE-E261-4584-8D3B-48D68EFDEFCD}.Debug|x86.ActiveCfg = Debug|Any CPU
		{A008E5CE-E261-4584-8D3B-48D68EFDEFCD}.Debug|x86.Build.0 = Debug|Any CPU
		{A008E5CE-E261-4584-8D3B-48D68EFDEFCD}.Release|Any CPU.ActiveCfg = Release|Any CPU
		{A008E5CE-E261-4584-8D3B-48D68EFDEFCD}.Release|Any CPU.Build.0 = Release|Any CPU
		{A008E5CE-E261-4584-8D3B-48D68EFDEFCD}.Release|x64.ActiveCfg = Release|Any CPU
		{A008E5CE-E261-4584-8D3B-48D68EFDEFCD}.Release|x64.Build.0 = Release|Any CPU
		{A008E5CE-E261-4584-8D3B-48D68EFDEFCD}.Release|x86.ActiveCfg = Release|Any CPU
		{A008E5CE-E261-4584-8D3B-48D68EFDEFCD}.Release|x86.Build.0 = Release|Any CPU
		{033AE80F-E203-49DB-953C-C5234877BD91}.Debug|Any CPU.ActiveCfg = Debug|Any CPU
		{033AE80F-E203-49DB-953C-C5234877BD91}.Debug|Any CPU.Build.0 = Debug|Any CPU
		{033AE80F-E203-49DB-953C-C5234877BD91}.Debug|x64.ActiveCfg = Debug|Any CPU
		{033AE80F-E203-49DB-953C-C5234877BD91}.Debug|x64.Build.0 = Debug|Any CPU
		{033AE80F-E203-49DB-953C-C5234877BD91}.Debug|x86.ActiveCfg = Debug|Any CPU
		{033AE80F-E203-49DB-953C-C5234877BD91}.Debug|x86.Build.0 = Debug|Any CPU
		{033AE80F-E203-49DB-953C-C5234877BD91}.Release|Any CPU.ActiveCfg = Release|Any CPU
		{033AE80F-E203-49DB-953C-C5234877BD91}.Release|Any CPU.Build.0 = Release|Any CPU
		{033AE80F-E203-49DB-953C-C5234877BD91}.Release|x64.ActiveCfg = Release|Any CPU
		{033AE80F-E203-49DB-953C-C5234877BD91}.Release|x64.Build.0 = Release|Any CPU
		{033AE80F-E203-49DB-953C-C5234877BD91}.Release|x86.ActiveCfg = Release|Any CPU
		{033AE80F-E203-49DB-953C-C5234877BD91}.Release|x86.Build.0 = Release|Any CPU
		{7A1DFDD8-2E4C-475E-98C0-5980064D830F}.Debug|Any CPU.ActiveCfg = Debug|Any CPU
		{7A1DFDD8-2E4C-475E-98C0-5980064D830F}.Debug|Any CPU.Build.0 = Debug|Any CPU
		{7A1DFDD8-2E4C-475E-98C0-5980064D830F}.Debug|x64.ActiveCfg = Debug|Any CPU
		{7A1DFDD8-2E4C-475E-98C0-5980064D830F}.Debug|x64.Build.0 = Debug|Any CPU
		{7A1DFDD8-2E4C-475E-98C0-5980064D830F}.Debug|x86.ActiveCfg = Debug|Any CPU
		{7A1DFDD8-2E4C-475E-98C0-5980064D830F}.Debug|x86.Build.0 = Debug|Any CPU
		{7A1DFDD8-2E4C-475E-98C0-5980064D830F}.Release|Any CPU.ActiveCfg = Release|Any CPU
		{7A1DFDD8-2E4C-475E-98C0-5980064D830F}.Release|Any CPU.Build.0 = Release|Any CPU
		{7A1DFDD8-2E4C-475E-98C0-5980064D830F}.Release|x64.ActiveCfg = Release|Any CPU
		{7A1DFDD8-2E4C-475E-98C0-5980064D830F}.Release|x64.Build.0 = Release|Any CPU
		{7A1DFDD8-2E4C-475E-98C0-5980064D830F}.Release|x86.ActiveCfg = Release|Any CPU
		{7A1DFDD8-2E4C-475E-98C0-5980064D830F}.Release|x86.Build.0 = Release|Any CPU
	EndGlobalSection
	GlobalSection(SolutionProperties) = preSolution
		HideSolutionNode = FALSE
	EndGlobalSection
	GlobalSection(NestedProjects) = preSolution
		{F320CBBA-6ECE-424C-B34D-7E994E3389D1} = {26FBDB24-B9A8-407A-B434-24C6A434D117}
		{E960B17B-F432-4ED8-80BE-0911D6F21109} = {26FBDB24-B9A8-407A-B434-24C6A434D117}
		{D3FEACDA-081A-4CEC-92D0-97E7CF999800} = {26FBDB24-B9A8-407A-B434-24C6A434D117}
		{B1C4C3B1-ACD0-49E3-88C7-2FB499255F50} = {26FBDB24-B9A8-407A-B434-24C6A434D117}
		{1243246C-5B36-4A2E-ACED-10AF81585105} = {E960B17B-F432-4ED8-80BE-0911D6F21109}
		{100974FE-3453-4761-B641-E2CD659DED60} = {E960B17B-F432-4ED8-80BE-0911D6F21109}
		{E001A8E7-1280-42C6-9C2F-94B834B4CFC1} = {F320CBBA-6ECE-424C-B34D-7E994E3389D1}
		{8FD36207-38AC-4D3E-B715-0A8DD410C88E} = {D3FEACDA-081A-4CEC-92D0-97E7CF999800}
		{BAB0A0FB-DD8D-4A9A-9F01-BA89845B30BD} = {D3FEACDA-081A-4CEC-92D0-97E7CF999800}
		{68F29828-56D7-4470-901F-832633ADF39D} = {B1C4C3B1-ACD0-49E3-88C7-2FB499255F50}
		{D7A14AA0-741E-459A-91D7-10146A078AA7} = {FD349D6A-6499-42C5-B12D-3AC78E2EF134}
		{4F92FC2E-E5EF-4BBC-A3E9-8B4A707928DC} = {FD349D6A-6499-42C5-B12D-3AC78E2EF134}
		{20F0199D-3BA3-4584-B3A0-B25335C8F6A0} = {FD349D6A-6499-42C5-B12D-3AC78E2EF134}
		{54C8C7F8-DC08-4F13-BD13-986BE97CDDCE} = {D7A14AA0-741E-459A-91D7-10146A078AA7}
		{A165B42E-71B2-4A3A-8590-8706E36331A5} = {4F92FC2E-E5EF-4BBC-A3E9-8B4A707928DC}
		{F9F99571-765D-4FA8-B243-2CF6AB81F2B9} = {D7A14AA0-741E-459A-91D7-10146A078AA7}
		{0C204D90-50B5-4CD4-AD47-878C3AE9DB93} = {4F92FC2E-E5EF-4BBC-A3E9-8B4A707928DC}
		{81D48550-7824-454F-A57B-D2047129E77F} = {A05E2327-1315-4FD3-8229-E0E90693DC73}
		{CCFB1EAF-BB10-4F67-BC6B-A4B4EDE50749} = {A05E2327-1315-4FD3-8229-E0E90693DC73}
		{2D9EE00D-9654-404C-BB59-1330537EC710} = {A05E2327-1315-4FD3-8229-E0E90693DC73}
		{C791FFA9-FFBF-49CA-B8A9-BD7DE65D094D} = {A05E2327-1315-4FD3-8229-E0E90693DC73}
		{33677080-5BF6-4B25-A932-B828164C4E5E} = {163951A8-3FC0-4739-BF0B-75F83A96B9E2}
		{5CB64FC4-4D87-4DC3-B551-1B2B8000F63F} = {163951A8-3FC0-4739-BF0B-75F83A96B9E2}
		{866B0883-81A6-4A2F-AC34-F1DD3DB75595} = {163951A8-3FC0-4739-BF0B-75F83A96B9E2}
		{DD70DE5C-9A88-4EAE-AE6F-0CD629177850} = {163951A8-3FC0-4739-BF0B-75F83A96B9E2}
		{0A69EB77-A7BB-458F-8817-AD0BF3747729} = {866B0883-81A6-4A2F-AC34-F1DD3DB75595}
		{50B46B4E-1D89-4400-BE6A-E6A8C8FE685B} = {5CB64FC4-4D87-4DC3-B551-1B2B8000F63F}
		{641C835F-AF8E-4C20-9B30-4923593E6281} = {5CB64FC4-4D87-4DC3-B551-1B2B8000F63F}
		{C773CC8C-FE4D-B375-6ECD-10EDDCC4684D} = {DD70DE5C-9A88-4EAE-AE6F-0CD629177850}
		{CFEAD33B-33E4-4CCD-AB98-808DC4D19EA6} = {33677080-5BF6-4B25-A932-B828164C4E5E}
		{B3870917-B6A3-8CF7-5B65-32D0CF16F923} = {96628C45-6E8F-4D40-B0E6-DE5150BB31E5}
		{C6BA8656-B17F-1DC4-91D7-B772DE642F0E} = {5945F260-91FE-418C-B68F-314012C8F51F}
		{D7489B30-E97B-02B5-749D-22817431107D} = {5945F260-91FE-418C-B68F-314012C8F51F}
		{49ADEE94-C98B-4656-81FA-C36FAEC10B13} = {5945F260-91FE-418C-B68F-314012C8F51F}
		{FC571577-F7BF-2673-3126-12356A8210B6} = {2441025A-2C54-446A-AFC1-F27437060FEF}
		{9770C129-7709-CBD2-3487-273D2B44CFB2} = {02EA681E-C7D8-13C7-8484-4AC65E1B71E8}
		{006AF1B5-ACEA-77ED-9A03-A24E81C60C67} = {9811E37C-8AF3-4AF8-ACE3-CD971B6209F1}
		{A942BE63-FDD3-227E-4115-ED86B256A887} = {9811E37C-8AF3-4AF8-ACE3-CD971B6209F1}
		{2CA98054-2543-4E92-8FF4-2E42D68C7153} = {7540C554-6AA6-4022-A641-6F000E5A94C5}
		{65D72795-AF8B-41E9-ADB1-8361C06ABF52} = {7540C554-6AA6-4022-A641-6F000E5A94C5}
		{10E907A6-7473-4211-BA6E-665AC66606EF} = {7540C554-6AA6-4022-A641-6F000E5A94C5}
		{44FEB554-DF16-4475-A04E-E0B201D88B29} = {7540C554-6AA6-4022-A641-6F000E5A94C5}
		{23EA48D6-D034-46AE-A04D-22203A6DE92A} = {7540C554-6AA6-4022-A641-6F000E5A94C5}
		{A2FFFA0E-7CEA-4A64-B7CF-D5723596430C} = {7540C554-6AA6-4022-A641-6F000E5A94C5}
		{F9F60B1D-DFBB-47A6-8E03-BA37D10BC041} = {7540C554-6AA6-4022-A641-6F000E5A94C5}
		{228628B3-7379-E2CD-6CDD-3B9B3DA68928} = {441A90AA-87CE-43E4-B071-5F946004F6B8}
		{C0499155-6B16-2D43-B9A5-91C9EFDDFBB8} = {2441025A-2C54-446A-AFC1-F27437060FEF}
		{BF408660-F100-486B-BDC6-8D0BBD2FC098} = {7540C554-6AA6-4022-A641-6F000E5A94C5}
		{6BFC2FE0-6509-44E3-977D-B1F840C30535} = {7540C554-6AA6-4022-A641-6F000E5A94C5}
		{FC5BDFAC-E022-4D3B-A986-9D335414E6BD} = {FD349D6A-6499-42C5-B12D-3AC78E2EF134}
		{0D585E4F-FE46-2C69-CE3F-3D0078F5DEF0} = {FC5BDFAC-E022-4D3B-A986-9D335414E6BD}
		{950A8E30-4B89-4D1F-A67F-DAF9DC492799} = {20F0199D-3BA3-4584-B3A0-B25335C8F6A0}
		{F536DFA7-F1C8-3869-8CE2-00B45DDBE4F4} = {5945F260-91FE-418C-B68F-314012C8F51F}
		{441A90AA-87CE-43E4-B071-5F946004F6B8} = {29B74B18-ED7A-4DA7-92D0-1DFED43959E1}
		{15C53A1B-6AAE-4DC7-A91D-BBE7287BA95F} = {29B74B18-ED7A-4DA7-92D0-1DFED43959E1}
		{9994F47B-4C95-47C5-BA38-F1F4F78D0F47} = {15C53A1B-6AAE-4DC7-A91D-BBE7287BA95F}
		{3C43619D-62AA-4DFB-873A-8715C15A22B9} = {7540C554-6AA6-4022-A641-6F000E5A94C5}
		{4BB2AC90-C703-4588-9E4D-A6AC304C7378} = {2441025A-2C54-446A-AFC1-F27437060FEF}
		{D1AA9993-0205-4AEE-A55C-C5E4204F6EBE} = {9811E37C-8AF3-4AF8-ACE3-CD971B6209F1}
		{EBD258EC-FB32-4F68-8B68-F540B3FAFBE9} = {163951A8-3FC0-4739-BF0B-75F83A96B9E2}
		{0804808C-B5D8-2502-4487-338DFF26D00B} = {EBD258EC-FB32-4F68-8B68-F540B3FAFBE9}
		{0AEAE36F-7D63-48D3-9BB5-C45720F8A2FA} = {96628C45-6E8F-4D40-B0E6-DE5150BB31E5}
		{3EA9F4AC-A7CB-4AF8-A609-2B6FE3D768A1} = {0AEAE36F-7D63-48D3-9BB5-C45720F8A2FA}
		{9D922AAB-F1B0-4981-80E6-F9C6CA489B01} = {29B74B18-ED7A-4DA7-92D0-1DFED43959E1}
		{292453CA-424F-22B8-DEE6-EFB2B404FF3C} = {9D922AAB-F1B0-4981-80E6-F9C6CA489B01}
		{CD701E5A-2C45-FCBF-FCDB-454BAAD88161} = {5945F260-91FE-418C-B68F-314012C8F51F}
		{0ADE1275-E828-4C6F-BAE7-0D8F357977D8} = {CD701E5A-2C45-FCBF-FCDB-454BAAD88161}
		{B6B9F3B1-9C07-3026-1DAD-765A94A1BBF1} = {2441025A-2C54-446A-AFC1-F27437060FEF}
		{873F3E4D-23D4-4399-8D92-189502EB6789} = {B6B9F3B1-9C07-3026-1DAD-765A94A1BBF1}
		{A64FD450-6296-6345-A093-FF06FC32570F} = {9811E37C-8AF3-4AF8-ACE3-CD971B6209F1}
		{F9F25357-80DA-47F7-A676-DDA4114C959E} = {A64FD450-6296-6345-A093-FF06FC32570F}
		{A60ECF3A-D73A-E315-1127-27E64F6DA120} = {02EA681E-C7D8-13C7-8484-4AC65E1B71E8}
		{A15143BE-149A-4545-B29E-DCCC9CB80B31} = {A60ECF3A-D73A-E315-1127-27E64F6DA120}
		{B140D5FC-2A53-044A-97BA-15C3D704E7A7} = {29B74B18-ED7A-4DA7-92D0-1DFED43959E1}
		{38191DD5-B893-41FF-9717-35F97C988252} = {B140D5FC-2A53-044A-97BA-15C3D704E7A7}
		{05E39293-1D45-3F8B-E655-8F19718C89AD} = {02EA681E-C7D8-13C7-8484-4AC65E1B71E8}
		{E9242D41-BB25-4EFC-94B4-0D1ACC57A3CE} = {DF65D1F4-57F8-B431-3AC1-079C5DC2BCBB}
		{71AE0FD5-7EB3-4F18-BCC8-E13983DDFDED} = {DF65D1F4-57F8-B431-3AC1-079C5DC2BCBB}
		{A008E5CE-E261-4584-8D3B-48D68EFDEFCD} = {DF65D1F4-57F8-B431-3AC1-079C5DC2BCBB}
		{033AE80F-E203-49DB-953C-C5234877BD91} = {DF65D1F4-57F8-B431-3AC1-079C5DC2BCBB}
		{7A1DFDD8-2E4C-475E-98C0-5980064D830F} = {DF65D1F4-57F8-B431-3AC1-079C5DC2BCBB}
	EndGlobalSection
	GlobalSection(ExtensibilityGlobals) = postSolution
		SolutionGuid = {4274B344-9898-451A-8F05-24BD02B0A9BA}
	EndGlobalSection
EndGlobal
