
Microsoft Visual Studio Solution File, Format Version 12.00
# Visual Studio Version 17
VisualStudioVersion = 17.8.34511.84
MinimumVisualStudioVersion = 10.0.40219.1
Project("{9A19103F-16F7-4668-BE54-9A1E7A4F7556}") = "API", "ProductCatalogService\Presentation\API\API.csproj", "{1243246C-5B36-4A2E-ACED-10AF81585105}"
EndProject
Project("{2150E333-8FDC-42A3-9474-1A3956D46DE8}") = "ProductCatalogService", "ProductCatalogService", "{26FBDB24-B9A8-407A-B434-24C6A434D117}"
EndProject
Project("{2150E333-8FDC-42A3-9474-1A3956D46DE8}") = "Presentation", "Presentation", "{E960B17B-F432-4ED8-80BE-0911D6F21109}"
EndProject
Project("{9A19103F-16F7-4668-BE54-9A1E7A4F7556}") = "gRPC", "ProductCatalogService\Presentation\gRPC\gRPC.csproj", "{100974FE-3453-4761-B641-E2CD659DED60}"
EndProject
Project("{2150E333-8FDC-42A3-9474-1A3956D46DE8}") = "Core", "Core", "{F320CBBA-6ECE-424C-B34D-7E994E3389D1}"
EndProject
Project("{9A19103F-16F7-4668-BE54-9A1E7A4F7556}") = "Application", "ProductCatalogService\Core\Application\Application.csproj", "{E001A8E7-1280-42C6-9C2F-94B834B4CFC1}"
EndProject
Project("{9A19103F-16F7-4668-BE54-9A1E7A4F7556}") = "Domain", "ProductCatalogService\Core\Domain\Domain.csproj", "{65D72795-AF8B-41E9-ADB1-8361C06ABF52}"
EndProject
Project("{2150E333-8FDC-42A3-9474-1A3956D46DE8}") = "Infrastructure", "Infrastructure", "{D3FEACDA-081A-4CEC-92D0-97E7CF999800}"
EndProject
Project("{9A19103F-16F7-4668-BE54-9A1E7A4F7556}") = "Data", "ProductCatalogService\Infrastructure\Data\Data.csproj", "{8FD36207-38AC-4D3E-B715-0A8DD410C88E}"
EndProject
Project("{9A19103F-16F7-4668-BE54-9A1E7A4F7556}") = "Services", "ProductCatalogService\Infrastructure\Services\Services.csproj", "{BAB0A0FB-DD8D-4A9A-9F01-BA89845B30BD}"
EndProject
Project("{2150E333-8FDC-42A3-9474-1A3956D46DE8}") = "Tests", "Tests", "{B1C4C3B1-ACD0-49E3-88C7-2FB499255F50}"
EndProject
Project("{9A19103F-16F7-4668-BE54-9A1E7A4F7556}") = "Tests", "ProductCatalogService\Tests\Tests\Tests.csproj", "{68F29828-56D7-4470-901F-832633ADF39D}"
EndProject
Project("{2150E333-8FDC-42A3-9474-1A3956D46DE8}") = "StockService", "StockService", "{FD349D6A-6499-42C5-B12D-3AC78E2EF134}"
EndProject
Project("{2150E333-8FDC-42A3-9474-1A3956D46DE8}") = "Infrastructure", "Infrastructure", "{4F92FC2E-E5EF-4BBC-A3E9-8B4A707928DC}"
EndProject
Project("{2150E333-8FDC-42A3-9474-1A3956D46DE8}") = "Core", "Core", "{7ADE1AF3-5AA3-4759-87EB-BE95A5E0C800}"
EndProject
Project("{2150E333-8FDC-42A3-9474-1A3956D46DE8}") = "Presentation", "Presentation", "{D7A14AA0-741E-459A-91D7-10146A078AA7}"
EndProject
Project("{2150E333-8FDC-42A3-9474-1A3956D46DE8}") = "Tests", "Tests", "{20F0199D-3BA3-4584-B3A0-B25335C8F6A0}"
EndProject
Project("{9A19103F-16F7-4668-BE54-9A1E7A4F7556}") = "API", "StockService\API\API.csproj", "{54C8C7F8-DC08-4F13-BD13-986BE97CDDCE}"
EndProject
Project("{9A19103F-16F7-4668-BE54-9A1E7A4F7556}") = "Domain", "StockService\Domain\Domain.csproj", "{10E907A6-7473-4211-BA6E-665AC66606EF}"
EndProject
Project("{9A19103F-16F7-4668-BE54-9A1E7A4F7556}") = "Data", "StockService\Data\Data.csproj", "{A165B42E-71B2-4A3A-8590-8706E36331A5}"
EndProject
Project("{2150E333-8FDC-42A3-9474-1A3956D46DE8}") = "BasketService", "BasketService", "{A05E2327-1315-4FD3-8229-E0E90693DC73}"
EndProject
Project("{9A19103F-16F7-4668-BE54-9A1E7A4F7556}") = "API", "BasketService\API\API.csproj", "{81D48550-7824-454F-A57B-D2047129E77F}"
EndProject
Project("{9A19103F-16F7-4668-BE54-9A1E7A4F7556}") = "Domain", "BasketService\Domain\Domain.csproj", "{44FEB554-DF16-4475-A04E-E0B201D88B29}"
EndProject
Project("{9A19103F-16F7-4668-BE54-9A1E7A4F7556}") = "Data", "BasketService\Data\Data.csproj", "{CCFB1EAF-BB10-4F67-BC6B-A4B4EDE50749}"
EndProject
Project("{9A19103F-16F7-4668-BE54-9A1E7A4F7556}") = "Tests", "BasketService\Tests\Tests.csproj", "{2D9EE00D-9654-404C-BB59-1330537EC710}"
EndProject
Project("{E53339B2-1760-4266-BCC7-CA923CBCF16C}") = "docker-compose", "DockerCompose\docker-compose.dcproj", "{0E7B3A9A-4046-4506-B8CE-81C5CEF567FD}"
EndProject
Project("{9A19103F-16F7-4668-BE54-9A1E7A4F7556}") = "EventsProcessor", "BasketService\EventsProcessor\EventsProcessor\EventsProcessor.csproj", "{C791FFA9-FFBF-49CA-B8A9-BD7DE65D094D}"
EndProject
Project("{9A19103F-16F7-4668-BE54-9A1E7A4F7556}") = "StockGrpcClient", "StockService\Tests\StockGrpcClient\StockGrpcClient.csproj", "{A734FD85-326A-44E7-B3F7-951241B6C12E}"
EndProject
Project("{9A19103F-16F7-4668-BE54-9A1E7A4F7556}") = "gRPC", "StockService\gRPC\gRPC.csproj", "{F9F99571-765D-4FA8-B243-2CF6AB81F2B9}"
EndProject
Project("{9A19103F-16F7-4668-BE54-9A1E7A4F7556}") = "Services", "StockService\Infrastructure\Services\Services.csproj", "{0C204D90-50B5-4CD4-AD47-878C3AE9DB93}"
EndProject
Project("{2150E333-8FDC-42A3-9474-1A3956D46DE8}") = "OrderService", "OrderService", "{163951A8-3FC0-4739-BF0B-75F83A96B9E2}"
EndProject
Project("{2150E333-8FDC-42A3-9474-1A3956D46DE8}") = "Core", "Core", "{33677080-5BF6-4B25-A932-B828164C4E5E}"
EndProject
Project("{2150E333-8FDC-42A3-9474-1A3956D46DE8}") = "Infrastructure", "Infrastructure", "{5CB64FC4-4D87-4DC3-B551-1B2B8000F63F}"
EndProject
Project("{2150E333-8FDC-42A3-9474-1A3956D46DE8}") = "Presentation", "Presentation", "{866B0883-81A6-4A2F-AC34-F1DD3DB75595}"
EndProject
Project("{2150E333-8FDC-42A3-9474-1A3956D46DE8}") = "Tests", "Tests", "{DD70DE5C-9A88-4EAE-AE6F-0CD629177850}"
EndProject
Project("{FAE04EC0-301F-11D3-BF4B-00C04F79EFBC}") = "API", "OrderService\Presentation\API\API.csproj", "{0A69EB77-A7BB-458F-8817-AD0BF3747729}"
EndProject
Project("{FAE04EC0-301F-11D3-BF4B-00C04F79EFBC}") = "Business", "OrderService\Core\Business\Business.csproj", "{4BB76C04-44E6-46A5-AD56-392993927337}"
EndProject
Project("{FAE04EC0-301F-11D3-BF4B-00C04F79EFBC}") = "Domain", "OrderService\Core\Domain\Domain.csproj", "{23EA48D6-D034-46AE-A04D-22203A6DE92A}"
EndProject
Project("{FAE04EC0-301F-11D3-BF4B-00C04F79EFBC}") = "Data", "OrderService\Infrastructure\Data\Data.csproj", "{50B46B4E-1D89-4400-BE6A-E6A8C8FE685B}"
EndProject
Project("{FAE04EC0-301F-11D3-BF4B-00C04F79EFBC}") = "Clients", "Clients\Clients.csproj", "{641C835F-AF8E-4C20-9B30-4923593E6281}"
EndProject
Project("{2150E333-8FDC-42A3-9474-1A3956D46DE8}") = "PaymentService", "PaymentService", "{5945F260-91FE-418C-B68F-314012C8F51F}"
EndProject
Project("{FAE04EC0-301F-11D3-BF4B-00C04F79EFBC}") = "gRPC", "PaymentService\gRPC\gRPC.csproj", "{A4BBFEC9-21F9-4EDC-B0DB-4F4D650F282F}"
EndProject
Project("{2150E333-8FDC-42A3-9474-1A3956D46DE8}") = "ShippingService", "ShippingService", "{2441025A-2C54-446A-AFC1-F27437060FEF}"
EndProject
Project("{FAE04EC0-301F-11D3-BF4B-00C04F79EFBC}") = "ShippingService", "ShippingService\ShippingService\ShippingService.csproj", "{8532BFB9-33A2-4927-9B84-4A14B5301D07}"
EndProject
Project("{2150E333-8FDC-42A3-9474-1A3956D46DE8}") = "NotificationService", "NotificationService", "{9100AE9D-3B1D-425C-9BF3-150008687261}"
EndProject
Global
	GlobalSection(SolutionConfigurationPlatforms) = preSolution
		Debug|Any CPU = Debug|Any CPU
		Release|Any CPU = Release|Any CPU
	EndGlobalSection
	GlobalSection(ProjectConfigurationPlatforms) = postSolution
		{1243246C-5B36-4A2E-ACED-10AF81585105}.Debug|Any CPU.ActiveCfg = Debug|Any CPU
		{1243246C-5B36-4A2E-ACED-10AF81585105}.Debug|Any CPU.Build.0 = Debug|Any CPU
		{1243246C-5B36-4A2E-ACED-10AF81585105}.Release|Any CPU.ActiveCfg = Release|Any CPU
		{1243246C-5B36-4A2E-ACED-10AF81585105}.Release|Any CPU.Build.0 = Release|Any CPU
		{100974FE-3453-4761-B641-E2CD659DED60}.Debug|Any CPU.ActiveCfg = Debug|Any CPU
		{100974FE-3453-4761-B641-E2CD659DED60}.Debug|Any CPU.Build.0 = Debug|Any CPU
		{100974FE-3453-4761-B641-E2CD659DED60}.Release|Any CPU.ActiveCfg = Release|Any CPU
		{100974FE-3453-4761-B641-E2CD659DED60}.Release|Any CPU.Build.0 = Release|Any CPU
		{E001A8E7-1280-42C6-9C2F-94B834B4CFC1}.Debug|Any CPU.ActiveCfg = Debug|Any CPU
		{E001A8E7-1280-42C6-9C2F-94B834B4CFC1}.Debug|Any CPU.Build.0 = Debug|Any CPU
		{E001A8E7-1280-42C6-9C2F-94B834B4CFC1}.Release|Any CPU.ActiveCfg = Release|Any CPU
		{E001A8E7-1280-42C6-9C2F-94B834B4CFC1}.Release|Any CPU.Build.0 = Release|Any CPU
		{65D72795-AF8B-41E9-ADB1-8361C06ABF52}.Debug|Any CPU.ActiveCfg = Debug|Any CPU
		{65D72795-AF8B-41E9-ADB1-8361C06ABF52}.Debug|Any CPU.Build.0 = Debug|Any CPU
		{65D72795-AF8B-41E9-ADB1-8361C06ABF52}.Release|Any CPU.ActiveCfg = Release|Any CPU
		{65D72795-AF8B-41E9-ADB1-8361C06ABF52}.Release|Any CPU.Build.0 = Release|Any CPU
		{8FD36207-38AC-4D3E-B715-0A8DD410C88E}.Debug|Any CPU.ActiveCfg = Debug|Any CPU
		{8FD36207-38AC-4D3E-B715-0A8DD410C88E}.Debug|Any CPU.Build.0 = Debug|Any CPU
		{8FD36207-38AC-4D3E-B715-0A8DD410C88E}.Release|Any CPU.ActiveCfg = Release|Any CPU
		{8FD36207-38AC-4D3E-B715-0A8DD410C88E}.Release|Any CPU.Build.0 = Release|Any CPU
		{BAB0A0FB-DD8D-4A9A-9F01-BA89845B30BD}.Debug|Any CPU.ActiveCfg = Debug|Any CPU
		{BAB0A0FB-DD8D-4A9A-9F01-BA89845B30BD}.Debug|Any CPU.Build.0 = Debug|Any CPU
		{BAB0A0FB-DD8D-4A9A-9F01-BA89845B30BD}.Release|Any CPU.ActiveCfg = Release|Any CPU
		{BAB0A0FB-DD8D-4A9A-9F01-BA89845B30BD}.Release|Any CPU.Build.0 = Release|Any CPU
		{68F29828-56D7-4470-901F-832633ADF39D}.Debug|Any CPU.ActiveCfg = Debug|Any CPU
		{68F29828-56D7-4470-901F-832633ADF39D}.Debug|Any CPU.Build.0 = Debug|Any CPU
		{68F29828-56D7-4470-901F-832633ADF39D}.Release|Any CPU.ActiveCfg = Release|Any CPU
		{68F29828-56D7-4470-901F-832633ADF39D}.Release|Any CPU.Build.0 = Release|Any CPU
		{54C8C7F8-DC08-4F13-BD13-986BE97CDDCE}.Debug|Any CPU.ActiveCfg = Debug|Any CPU
		{54C8C7F8-DC08-4F13-BD13-986BE97CDDCE}.Debug|Any CPU.Build.0 = Debug|Any CPU
		{54C8C7F8-DC08-4F13-BD13-986BE97CDDCE}.Release|Any CPU.ActiveCfg = Release|Any CPU
		{54C8C7F8-DC08-4F13-BD13-986BE97CDDCE}.Release|Any CPU.Build.0 = Release|Any CPU
		{10E907A6-7473-4211-BA6E-665AC66606EF}.Debug|Any CPU.ActiveCfg = Debug|Any CPU
		{10E907A6-7473-4211-BA6E-665AC66606EF}.Debug|Any CPU.Build.0 = Debug|Any CPU
		{10E907A6-7473-4211-BA6E-665AC66606EF}.Release|Any CPU.ActiveCfg = Release|Any CPU
		{10E907A6-7473-4211-BA6E-665AC66606EF}.Release|Any CPU.Build.0 = Release|Any CPU
		{A165B42E-71B2-4A3A-8590-8706E36331A5}.Debug|Any CPU.ActiveCfg = Debug|Any CPU
		{A165B42E-71B2-4A3A-8590-8706E36331A5}.Debug|Any CPU.Build.0 = Debug|Any CPU
		{A165B42E-71B2-4A3A-8590-8706E36331A5}.Release|Any CPU.ActiveCfg = Release|Any CPU
		{A165B42E-71B2-4A3A-8590-8706E36331A5}.Release|Any CPU.Build.0 = Release|Any CPU
		{81D48550-7824-454F-A57B-D2047129E77F}.Debug|Any CPU.ActiveCfg = Debug|Any CPU
		{81D48550-7824-454F-A57B-D2047129E77F}.Debug|Any CPU.Build.0 = Debug|Any CPU
		{81D48550-7824-454F-A57B-D2047129E77F}.Release|Any CPU.ActiveCfg = Release|Any CPU
		{81D48550-7824-454F-A57B-D2047129E77F}.Release|Any CPU.Build.0 = Release|Any CPU
		{44FEB554-DF16-4475-A04E-E0B201D88B29}.Debug|Any CPU.ActiveCfg = Debug|Any CPU
		{44FEB554-DF16-4475-A04E-E0B201D88B29}.Debug|Any CPU.Build.0 = Debug|Any CPU
		{44FEB554-DF16-4475-A04E-E0B201D88B29}.Release|Any CPU.ActiveCfg = Release|Any CPU
		{44FEB554-DF16-4475-A04E-E0B201D88B29}.Release|Any CPU.Build.0 = Release|Any CPU
		{CCFB1EAF-BB10-4F67-BC6B-A4B4EDE50749}.Debug|Any CPU.ActiveCfg = Debug|Any CPU
		{CCFB1EAF-BB10-4F67-BC6B-A4B4EDE50749}.Debug|Any CPU.Build.0 = Debug|Any CPU
		{CCFB1EAF-BB10-4F67-BC6B-A4B4EDE50749}.Release|Any CPU.ActiveCfg = Release|Any CPU
		{CCFB1EAF-BB10-4F67-BC6B-A4B4EDE50749}.Release|Any CPU.Build.0 = Release|Any CPU
		{2D9EE00D-9654-404C-BB59-1330537EC710}.Debug|Any CPU.ActiveCfg = Debug|Any CPU
		{2D9EE00D-9654-404C-BB59-1330537EC710}.Debug|Any CPU.Build.0 = Debug|Any CPU
		{2D9EE00D-9654-404C-BB59-1330537EC710}.Release|Any CPU.ActiveCfg = Release|Any CPU
		{2D9EE00D-9654-404C-BB59-1330537EC710}.Release|Any CPU.Build.0 = Release|Any CPU
		{0E7B3A9A-4046-4506-B8CE-81C5CEF567FD}.Debug|Any CPU.ActiveCfg = Debug|Any CPU
		{0E7B3A9A-4046-4506-B8CE-81C5CEF567FD}.Debug|Any CPU.Build.0 = Debug|Any CPU
		{0E7B3A9A-4046-4506-B8CE-81C5CEF567FD}.Release|Any CPU.ActiveCfg = Release|Any CPU
		{0E7B3A9A-4046-4506-B8CE-81C5CEF567FD}.Release|Any CPU.Build.0 = Release|Any CPU
		{C791FFA9-FFBF-49CA-B8A9-BD7DE65D094D}.Debug|Any CPU.ActiveCfg = Debug|Any CPU
		{C791FFA9-FFBF-49CA-B8A9-BD7DE65D094D}.Debug|Any CPU.Build.0 = Debug|Any CPU
		{C791FFA9-FFBF-49CA-B8A9-BD7DE65D094D}.Release|Any CPU.ActiveCfg = Release|Any CPU
		{C791FFA9-FFBF-49CA-B8A9-BD7DE65D094D}.Release|Any CPU.Build.0 = Release|Any CPU
		{A734FD85-326A-44E7-B3F7-951241B6C12E}.Debug|Any CPU.ActiveCfg = Debug|Any CPU
		{A734FD85-326A-44E7-B3F7-951241B6C12E}.Debug|Any CPU.Build.0 = Debug|Any CPU
		{A734FD85-326A-44E7-B3F7-951241B6C12E}.Release|Any CPU.ActiveCfg = Release|Any CPU
		{A734FD85-326A-44E7-B3F7-951241B6C12E}.Release|Any CPU.Build.0 = Release|Any CPU
		{F9F99571-765D-4FA8-B243-2CF6AB81F2B9}.Debug|Any CPU.ActiveCfg = Debug|Any CPU
		{F9F99571-765D-4FA8-B243-2CF6AB81F2B9}.Debug|Any CPU.Build.0 = Debug|Any CPU
		{F9F99571-765D-4FA8-B243-2CF6AB81F2B9}.Release|Any CPU.ActiveCfg = Release|Any CPU
		{F9F99571-765D-4FA8-B243-2CF6AB81F2B9}.Release|Any CPU.Build.0 = Release|Any CPU
		{0C204D90-50B5-4CD4-AD47-878C3AE9DB93}.Debug|Any CPU.ActiveCfg = Debug|Any CPU
		{0C204D90-50B5-4CD4-AD47-878C3AE9DB93}.Debug|Any CPU.Build.0 = Debug|Any CPU
		{0C204D90-50B5-4CD4-AD47-878C3AE9DB93}.Release|Any CPU.ActiveCfg = Release|Any CPU
		{0C204D90-50B5-4CD4-AD47-878C3AE9DB93}.Release|Any CPU.Build.0 = Release|Any CPU
		{0A69EB77-A7BB-458F-8817-AD0BF3747729}.Debug|Any CPU.ActiveCfg = Debug|Any CPU
		{0A69EB77-A7BB-458F-8817-AD0BF3747729}.Debug|Any CPU.Build.0 = Debug|Any CPU
		{0A69EB77-A7BB-458F-8817-AD0BF3747729}.Release|Any CPU.ActiveCfg = Release|Any CPU
		{0A69EB77-A7BB-458F-8817-AD0BF3747729}.Release|Any CPU.Build.0 = Release|Any CPU
		{4BB76C04-44E6-46A5-AD56-392993927337}.Debug|Any CPU.ActiveCfg = Debug|Any CPU
		{4BB76C04-44E6-46A5-AD56-392993927337}.Debug|Any CPU.Build.0 = Debug|Any CPU
		{4BB76C04-44E6-46A5-AD56-392993927337}.Release|Any CPU.ActiveCfg = Release|Any CPU
		{4BB76C04-44E6-46A5-AD56-392993927337}.Release|Any CPU.Build.0 = Release|Any CPU
		{23EA48D6-D034-46AE-A04D-22203A6DE92A}.Debug|Any CPU.ActiveCfg = Debug|Any CPU
		{23EA48D6-D034-46AE-A04D-22203A6DE92A}.Debug|Any CPU.Build.0 = Debug|Any CPU
		{23EA48D6-D034-46AE-A04D-22203A6DE92A}.Release|Any CPU.ActiveCfg = Release|Any CPU
		{23EA48D6-D034-46AE-A04D-22203A6DE92A}.Release|Any CPU.Build.0 = Release|Any CPU
		{50B46B4E-1D89-4400-BE6A-E6A8C8FE685B}.Debug|Any CPU.ActiveCfg = Debug|Any CPU
		{50B46B4E-1D89-4400-BE6A-E6A8C8FE685B}.Debug|Any CPU.Build.0 = Debug|Any CPU
		{50B46B4E-1D89-4400-BE6A-E6A8C8FE685B}.Release|Any CPU.ActiveCfg = Release|Any CPU
		{50B46B4E-1D89-4400-BE6A-E6A8C8FE685B}.Release|Any CPU.Build.0 = Release|Any CPU
		{641C835F-AF8E-4C20-9B30-4923593E6281}.Debug|Any CPU.ActiveCfg = Debug|Any CPU
		{641C835F-AF8E-4C20-9B30-4923593E6281}.Debug|Any CPU.Build.0 = Debug|Any CPU
		{641C835F-AF8E-4C20-9B30-4923593E6281}.Release|Any CPU.ActiveCfg = Release|Any CPU
		{641C835F-AF8E-4C20-9B30-4923593E6281}.Release|Any CPU.Build.0 = Release|Any CPU
		{A4BBFEC9-21F9-4EDC-B0DB-4F4D650F282F}.Debug|Any CPU.ActiveCfg = Debug|Any CPU
		{A4BBFEC9-21F9-4EDC-B0DB-4F4D650F282F}.Debug|Any CPU.Build.0 = Debug|Any CPU
		{A4BBFEC9-21F9-4EDC-B0DB-4F4D650F282F}.Release|Any CPU.ActiveCfg = Release|Any CPU
		{A4BBFEC9-21F9-4EDC-B0DB-4F4D650F282F}.Release|Any CPU.Build.0 = Release|Any CPU
		{8532BFB9-33A2-4927-9B84-4A14B5301D07}.Debug|Any CPU.ActiveCfg = Debug|Any CPU
		{8532BFB9-33A2-4927-9B84-4A14B5301D07}.Debug|Any CPU.Build.0 = Debug|Any CPU
		{8532BFB9-33A2-4927-9B84-4A14B5301D07}.Release|Any CPU.ActiveCfg = Release|Any CPU
		{8532BFB9-33A2-4927-9B84-4A14B5301D07}.Release|Any CPU.Build.0 = Release|Any CPU
	EndGlobalSection
	GlobalSection(SolutionProperties) = preSolution
		HideSolutionNode = FALSE
	EndGlobalSection
	GlobalSection(NestedProjects) = preSolution
		{1243246C-5B36-4A2E-ACED-10AF81585105} = {E960B17B-F432-4ED8-80BE-0911D6F21109}
		{E960B17B-F432-4ED8-80BE-0911D6F21109} = {26FBDB24-B9A8-407A-B434-24C6A434D117}
		{100974FE-3453-4761-B641-E2CD659DED60} = {E960B17B-F432-4ED8-80BE-0911D6F21109}
		{F320CBBA-6ECE-424C-B34D-7E994E3389D1} = {26FBDB24-B9A8-407A-B434-24C6A434D117}
		{E001A8E7-1280-42C6-9C2F-94B834B4CFC1} = {F320CBBA-6ECE-424C-B34D-7E994E3389D1}
		{65D72795-AF8B-41E9-ADB1-8361C06ABF52} = {F320CBBA-6ECE-424C-B34D-7E994E3389D1}
		{D3FEACDA-081A-4CEC-92D0-97E7CF999800} = {26FBDB24-B9A8-407A-B434-24C6A434D117}
		{8FD36207-38AC-4D3E-B715-0A8DD410C88E} = {D3FEACDA-081A-4CEC-92D0-97E7CF999800}
		{BAB0A0FB-DD8D-4A9A-9F01-BA89845B30BD} = {D3FEACDA-081A-4CEC-92D0-97E7CF999800}
		{B1C4C3B1-ACD0-49E3-88C7-2FB499255F50} = {26FBDB24-B9A8-407A-B434-24C6A434D117}
		{68F29828-56D7-4470-901F-832633ADF39D} = {B1C4C3B1-ACD0-49E3-88C7-2FB499255F50}
		{4F92FC2E-E5EF-4BBC-A3E9-8B4A707928DC} = {FD349D6A-6499-42C5-B12D-3AC78E2EF134}
		{7ADE1AF3-5AA3-4759-87EB-BE95A5E0C800} = {FD349D6A-6499-42C5-B12D-3AC78E2EF134}
		{D7A14AA0-741E-459A-91D7-10146A078AA7} = {FD349D6A-6499-42C5-B12D-3AC78E2EF134}
		{20F0199D-3BA3-4584-B3A0-B25335C8F6A0} = {FD349D6A-6499-42C5-B12D-3AC78E2EF134}
		{54C8C7F8-DC08-4F13-BD13-986BE97CDDCE} = {D7A14AA0-741E-459A-91D7-10146A078AA7}
		{10E907A6-7473-4211-BA6E-665AC66606EF} = {7ADE1AF3-5AA3-4759-87EB-BE95A5E0C800}
		{A165B42E-71B2-4A3A-8590-8706E36331A5} = {4F92FC2E-E5EF-4BBC-A3E9-8B4A707928DC}
		{81D48550-7824-454F-A57B-D2047129E77F} = {A05E2327-1315-4FD3-8229-E0E90693DC73}
		{44FEB554-DF16-4475-A04E-E0B201D88B29} = {A05E2327-1315-4FD3-8229-E0E90693DC73}
		{CCFB1EAF-BB10-4F67-BC6B-A4B4EDE50749} = {A05E2327-1315-4FD3-8229-E0E90693DC73}
		{2D9EE00D-9654-404C-BB59-1330537EC710} = {A05E2327-1315-4FD3-8229-E0E90693DC73}
		{C791FFA9-FFBF-49CA-B8A9-BD7DE65D094D} = {A05E2327-1315-4FD3-8229-E0E90693DC73}
		{A734FD85-326A-44E7-B3F7-951241B6C12E} = {20F0199D-3BA3-4584-B3A0-B25335C8F6A0}
		{F9F99571-765D-4FA8-B243-2CF6AB81F2B9} = {D7A14AA0-741E-459A-91D7-10146A078AA7}
		{0C204D90-50B5-4CD4-AD47-878C3AE9DB93} = {4F92FC2E-E5EF-4BBC-A3E9-8B4A707928DC}
		{33677080-5BF6-4B25-A932-B828164C4E5E} = {163951A8-3FC0-4739-BF0B-75F83A96B9E2}
		{5CB64FC4-4D87-4DC3-B551-1B2B8000F63F} = {163951A8-3FC0-4739-BF0B-75F83A96B9E2}
		{866B0883-81A6-4A2F-AC34-F1DD3DB75595} = {163951A8-3FC0-4739-BF0B-75F83A96B9E2}
		{DD70DE5C-9A88-4EAE-AE6F-0CD629177850} = {163951A8-3FC0-4739-BF0B-75F83A96B9E2}
		{0A69EB77-A7BB-458F-8817-AD0BF3747729} = {866B0883-81A6-4A2F-AC34-F1DD3DB75595}
		{4BB76C04-44E6-46A5-AD56-392993927337} = {33677080-5BF6-4B25-A932-B828164C4E5E}
		{23EA48D6-D034-46AE-A04D-22203A6DE92A} = {33677080-5BF6-4B25-A932-B828164C4E5E}
		{50B46B4E-1D89-4400-BE6A-E6A8C8FE685B} = {5CB64FC4-4D87-4DC3-B551-1B2B8000F63F}
		{641C835F-AF8E-4C20-9B30-4923593E6281} = {5CB64FC4-4D87-4DC3-B551-1B2B8000F63F}
		{A4BBFEC9-21F9-4EDC-B0DB-4F4D650F282F} = {5945F260-91FE-418C-B68F-314012C8F51F}
		{8532BFB9-33A2-4927-9B84-4A14B5301D07} = {2441025A-2C54-446A-AFC1-F27437060FEF}
	EndGlobalSection
	GlobalSection(ExtensibilityGlobals) = postSolution
		SolutionGuid = {4274B344-9898-451A-8F05-24BD02B0A9BA}
	EndGlobalSection
EndGlobal
