
Microsoft Visual Studio Solution File, Format Version 12.00
# Visual Studio Version 17
VisualStudioVersion = 17.8.34511.84
MinimumVisualStudioVersion = 10.0.40219.1
Project("{9A19103F-16F7-4668-BE54-9A1E7A4F7556}") = "API", "ProductCatalogService\Presentation\API\API.csproj", "{1243246C-5B36-4A2E-ACED-10AF81585105}"
EndProject
Project("{2150E333-8FDC-42A3-9474-1A3956D46DE8}") = "ProductCatalogService", "ProductCatalogService", "{26FBDB24-B9A8-407A-B434-24C6A434D117}"
EndProject
Project("{2150E333-8FDC-42A3-9474-1A3956D46DE8}") = "Presentation", "Presentation", "{E960B17B-F432-4ED8-80BE-0911D6F21109}"
EndProject
Project("{9A19103F-16F7-4668-BE54-9A1E7A4F7556}") = "gRPC", "ProductCatalogService\Presentation\gRPC\gRPC.csproj", "{100974FE-3453-4761-B641-E2CD659DED60}"
EndProject
Project("{9A19103F-16F7-4668-BE54-9A1E7A4F7556}") = "EventsProcessor", "ProductCatalogService\Presentation\EventsProcessor\EventsProcessor.csproj", "{3C8A9E59-05FF-406C-BA98-83BD4F8A50A3}"
EndProject
Project("{2150E333-8FDC-42A3-9474-1A3956D46DE8}") = "Core", "Core", "{F320CBBA-6ECE-424C-B34D-7E994E3389D1}"
EndProject
Project("{9A19103F-16F7-4668-BE54-9A1E7A4F7556}") = "Application", "ProductCatalogService\Core\Application\Application.csproj", "{E001A8E7-1280-42C6-9C2F-94B834B4CFC1}"
EndProject
Project("{9A19103F-16F7-4668-BE54-9A1E7A4F7556}") = "Domain", "ProductCatalogService\Core\Domain\Domain.csproj", "{65D72795-AF8B-41E9-ADB1-8361C06ABF52}"
EndProject
Project("{2150E333-8FDC-42A3-9474-1A3956D46DE8}") = "Infrastructure", "Infrastructure", "{D3FEACDA-081A-4CEC-92D0-97E7CF999800}"
EndProject
Project("{9A19103F-16F7-4668-BE54-9A1E7A4F7556}") = "Data", "ProductCatalogService\Infrastructure\Data\Data.csproj", "{8FD36207-38AC-4D3E-B715-0A8DD410C88E}"
EndProject
Project("{9A19103F-16F7-4668-BE54-9A1E7A4F7556}") = "Services", "ProductCatalogService\Infrastructure\Services\Services.csproj", "{BAB0A0FB-DD8D-4A9A-9F01-BA89845B30BD}"
EndProject
Project("{2150E333-8FDC-42A3-9474-1A3956D46DE8}") = "Tests", "Tests", "{B1C4C3B1-ACD0-49E3-88C7-2FB499255F50}"
EndProject
Project("{9A19103F-16F7-4668-BE54-9A1E7A4F7556}") = "Tests", "ProductCatalogService\Tests\Tests\Tests.csproj", "{68F29828-56D7-4470-901F-832633ADF39D}"
EndProject
Project("{E53339B2-1760-4266-BCC7-CA923CBCF16C}") = "docker-compose", "docker-compose.dcproj", "{2C2EA5C9-53D0-4438-99E0-78FF09751C88}"
EndProject
Project("{9A19103F-16F7-4668-BE54-9A1E7A4F7556}") = "API", "BasketService\Presentation\API\API.csproj", "{D7DF4791-4F55-4121-AFC0-7EF0DF59391F}"
EndProject
Project("{2150E333-8FDC-42A3-9474-1A3956D46DE8}") = "BasketService", "BasketService", "{710F3273-D98A-4E0B-B364-49BBEB0757A9}"
EndProject
Project("{2150E333-8FDC-42A3-9474-1A3956D46DE8}") = "Presentation", "Presentation", "{BFA4CB62-F480-4959-AE0C-E181D1A71252}"
EndProject
Project("{2150E333-8FDC-42A3-9474-1A3956D46DE8}") = "Core", "Core", "{3B62797A-0FC9-47B1-A826-3B6603CE2081}"
EndProject
Project("{9A19103F-16F7-4668-BE54-9A1E7A4F7556}") = "Domain", "BasketService\Core\Domain\Domain.csproj", "{68926C48-9D5D-4276-9326-90E771D27494}"
EndProject
Project("{2150E333-8FDC-42A3-9474-1A3956D46DE8}") = "Infrastructure", "Infrastructure", "{3A90FF07-4262-4A07-9A2B-24DE8F2D856A}"
EndProject
Project("{9A19103F-16F7-4668-BE54-9A1E7A4F7556}") = "Data", "BasketService\Infrastructure\Data\Data.csproj", "{9C68E690-0DA1-4A56-A2ED-F0C2452A8592}"
EndProject
Global
	GlobalSection(SolutionConfigurationPlatforms) = preSolution
		Debug|Any CPU = Debug|Any CPU
		Release|Any CPU = Release|Any CPU
	EndGlobalSection
	GlobalSection(ProjectConfigurationPlatforms) = postSolution
		{1243246C-5B36-4A2E-ACED-10AF81585105}.Debug|Any CPU.ActiveCfg = Debug|Any CPU
		{1243246C-5B36-4A2E-ACED-10AF81585105}.Debug|Any CPU.Build.0 = Debug|Any CPU
		{1243246C-5B36-4A2E-ACED-10AF81585105}.Release|Any CPU.ActiveCfg = Release|Any CPU
		{1243246C-5B36-4A2E-ACED-10AF81585105}.Release|Any CPU.Build.0 = Release|Any CPU
		{100974FE-3453-4761-B641-E2CD659DED60}.Debug|Any CPU.ActiveCfg = Debug|Any CPU
		{100974FE-3453-4761-B641-E2CD659DED60}.Debug|Any CPU.Build.0 = Debug|Any CPU
		{100974FE-3453-4761-B641-E2CD659DED60}.Release|Any CPU.ActiveCfg = Release|Any CPU
		{100974FE-3453-4761-B641-E2CD659DED60}.Release|Any CPU.Build.0 = Release|Any CPU
		{3C8A9E59-05FF-406C-BA98-83BD4F8A50A3}.Debug|Any CPU.ActiveCfg = Debug|Any CPU
		{3C8A9E59-05FF-406C-BA98-83BD4F8A50A3}.Debug|Any CPU.Build.0 = Debug|Any CPU
		{3C8A9E59-05FF-406C-BA98-83BD4F8A50A3}.Release|Any CPU.ActiveCfg = Release|Any CPU
		{3C8A9E59-05FF-406C-BA98-83BD4F8A50A3}.Release|Any CPU.Build.0 = Release|Any CPU
		{E001A8E7-1280-42C6-9C2F-94B834B4CFC1}.Debug|Any CPU.ActiveCfg = Debug|Any CPU
		{E001A8E7-1280-42C6-9C2F-94B834B4CFC1}.Debug|Any CPU.Build.0 = Debug|Any CPU
		{E001A8E7-1280-42C6-9C2F-94B834B4CFC1}.Release|Any CPU.ActiveCfg = Release|Any CPU
		{E001A8E7-1280-42C6-9C2F-94B834B4CFC1}.Release|Any CPU.Build.0 = Release|Any CPU
		{65D72795-AF8B-41E9-ADB1-8361C06ABF52}.Debug|Any CPU.ActiveCfg = Debug|Any CPU
		{65D72795-AF8B-41E9-ADB1-8361C06ABF52}.Debug|Any CPU.Build.0 = Debug|Any CPU
		{65D72795-AF8B-41E9-ADB1-8361C06ABF52}.Release|Any CPU.ActiveCfg = Release|Any CPU
		{65D72795-AF8B-41E9-ADB1-8361C06ABF52}.Release|Any CPU.Build.0 = Release|Any CPU
		{8FD36207-38AC-4D3E-B715-0A8DD410C88E}.Debug|Any CPU.ActiveCfg = Debug|Any CPU
		{8FD36207-38AC-4D3E-B715-0A8DD410C88E}.Debug|Any CPU.Build.0 = Debug|Any CPU
		{8FD36207-38AC-4D3E-B715-0A8DD410C88E}.Release|Any CPU.ActiveCfg = Release|Any CPU
		{8FD36207-38AC-4D3E-B715-0A8DD410C88E}.Release|Any CPU.Build.0 = Release|Any CPU
		{BAB0A0FB-DD8D-4A9A-9F01-BA89845B30BD}.Debug|Any CPU.ActiveCfg = Debug|Any CPU
		{BAB0A0FB-DD8D-4A9A-9F01-BA89845B30BD}.Debug|Any CPU.Build.0 = Debug|Any CPU
		{BAB0A0FB-DD8D-4A9A-9F01-BA89845B30BD}.Release|Any CPU.ActiveCfg = Release|Any CPU
		{BAB0A0FB-DD8D-4A9A-9F01-BA89845B30BD}.Release|Any CPU.Build.0 = Release|Any CPU
		{68F29828-56D7-4470-901F-832633ADF39D}.Debug|Any CPU.ActiveCfg = Debug|Any CPU
		{68F29828-56D7-4470-901F-832633ADF39D}.Debug|Any CPU.Build.0 = Debug|Any CPU
		{68F29828-56D7-4470-901F-832633ADF39D}.Release|Any CPU.ActiveCfg = Release|Any CPU
		{68F29828-56D7-4470-901F-832633ADF39D}.Release|Any CPU.Build.0 = Release|Any CPU
		{2C2EA5C9-53D0-4438-99E0-78FF09751C88}.Debug|Any CPU.ActiveCfg = Debug|Any CPU
		{2C2EA5C9-53D0-4438-99E0-78FF09751C88}.Debug|Any CPU.Build.0 = Debug|Any CPU
		{2C2EA5C9-53D0-4438-99E0-78FF09751C88}.Release|Any CPU.ActiveCfg = Release|Any CPU
		{2C2EA5C9-53D0-4438-99E0-78FF09751C88}.Release|Any CPU.Build.0 = Release|Any CPU
		{D7DF4791-4F55-4121-AFC0-7EF0DF59391F}.Debug|Any CPU.ActiveCfg = Debug|Any CPU
		{D7DF4791-4F55-4121-AFC0-7EF0DF59391F}.Debug|Any CPU.Build.0 = Debug|Any CPU
		{D7DF4791-4F55-4121-AFC0-7EF0DF59391F}.Release|Any CPU.ActiveCfg = Release|Any CPU
		{D7DF4791-4F55-4121-AFC0-7EF0DF59391F}.Release|Any CPU.Build.0 = Release|Any CPU
		{68926C48-9D5D-4276-9326-90E771D27494}.Debug|Any CPU.ActiveCfg = Debug|Any CPU
		{68926C48-9D5D-4276-9326-90E771D27494}.Debug|Any CPU.Build.0 = Debug|Any CPU
		{68926C48-9D5D-4276-9326-90E771D27494}.Release|Any CPU.ActiveCfg = Release|Any CPU
		{68926C48-9D5D-4276-9326-90E771D27494}.Release|Any CPU.Build.0 = Release|Any CPU
		{9C68E690-0DA1-4A56-A2ED-F0C2452A8592}.Debug|Any CPU.ActiveCfg = Debug|Any CPU
		{9C68E690-0DA1-4A56-A2ED-F0C2452A8592}.Debug|Any CPU.Build.0 = Debug|Any CPU
		{9C68E690-0DA1-4A56-A2ED-F0C2452A8592}.Release|Any CPU.ActiveCfg = Release|Any CPU
		{9C68E690-0DA1-4A56-A2ED-F0C2452A8592}.Release|Any CPU.Build.0 = Release|Any CPU
	EndGlobalSection
	GlobalSection(SolutionProperties) = preSolution
		HideSolutionNode = FALSE
	EndGlobalSection
	GlobalSection(NestedProjects) = preSolution
		{1243246C-5B36-4A2E-ACED-10AF81585105} = {E960B17B-F432-4ED8-80BE-0911D6F21109}
		{E960B17B-F432-4ED8-80BE-0911D6F21109} = {26FBDB24-B9A8-407A-B434-24C6A434D117}
		{100974FE-3453-4761-B641-E2CD659DED60} = {E960B17B-F432-4ED8-80BE-0911D6F21109}
		{3C8A9E59-05FF-406C-BA98-83BD4F8A50A3} = {E960B17B-F432-4ED8-80BE-0911D6F21109}
		{F320CBBA-6ECE-424C-B34D-7E994E3389D1} = {26FBDB24-B9A8-407A-B434-24C6A434D117}
		{E001A8E7-1280-42C6-9C2F-94B834B4CFC1} = {F320CBBA-6ECE-424C-B34D-7E994E3389D1}
		{65D72795-AF8B-41E9-ADB1-8361C06ABF52} = {F320CBBA-6ECE-424C-B34D-7E994E3389D1}
		{D3FEACDA-081A-4CEC-92D0-97E7CF999800} = {26FBDB24-B9A8-407A-B434-24C6A434D117}
		{8FD36207-38AC-4D3E-B715-0A8DD410C88E} = {D3FEACDA-081A-4CEC-92D0-97E7CF999800}
		{BAB0A0FB-DD8D-4A9A-9F01-BA89845B30BD} = {D3FEACDA-081A-4CEC-92D0-97E7CF999800}
		{B1C4C3B1-ACD0-49E3-88C7-2FB499255F50} = {26FBDB24-B9A8-407A-B434-24C6A434D117}
		{68F29828-56D7-4470-901F-832633ADF39D} = {B1C4C3B1-ACD0-49E3-88C7-2FB499255F50}
		{D7DF4791-4F55-4121-AFC0-7EF0DF59391F} = {BFA4CB62-F480-4959-AE0C-E181D1A71252}
		{BFA4CB62-F480-4959-AE0C-E181D1A71252} = {710F3273-D98A-4E0B-B364-49BBEB0757A9}
		{3B62797A-0FC9-47B1-A826-3B6603CE2081} = {710F3273-D98A-4E0B-B364-49BBEB0757A9}
		{68926C48-9D5D-4276-9326-90E771D27494} = {3B62797A-0FC9-47B1-A826-3B6603CE2081}
		{3A90FF07-4262-4A07-9A2B-24DE8F2D856A} = {710F3273-D98A-4E0B-B364-49BBEB0757A9}
		{9C68E690-0DA1-4A56-A2ED-F0C2452A8592} = {3A90FF07-4262-4A07-9A2B-24DE8F2D856A}
	EndGlobalSection
	GlobalSection(ExtensibilityGlobals) = postSolution
		SolutionGuid = {4274B344-9898-451A-8F05-24BD02B0A9BA}
	EndGlobalSection
EndGlobal
